PODS:
  - Argo (3.0.1):
    - Runes (>= 3.0.0)
  - AsyncSwift (1.7.2)
  - CardIO (5.4.1)
  - Curry (2.3.2)
  - Delta (1.0.0)
  - Firebase (3.6.0):
    - Firebase/Core (= 3.6.0)
  - Firebase/Analytics (3.6.0):
    - FirebaseAnalytics (= 3.4.2)
  - Firebase/Auth (3.6.0):
    - Firebase/Analytics
    - FirebaseAuth (= 3.0.5)
  - Firebase/Core (3.6.0):
    - Firebase/Analytics
  - Firebase/Crash (3.6.0):
    - Firebase/Analytics
    - FirebaseCrash (= 1.0.7)
  - Firebase/Database (3.6.0):
    - Firebase/Analytics
    - FirebaseDatabase (= 3.0.3)
  - Firebase/RemoteConfig (3.6.0):
    - Firebase/Analytics
    - FirebaseRemoteConfig (= 1.3.0)
  - FirebaseAnalytics (3.4.2):
    - FirebaseInstanceID (~> 1.0)
    - GoogleInterchangeUtilities (~> 1.2)
    - GoogleSymbolUtilities (~> 1.1)
    - GoogleUtilities (~> 1.2)
  - FirebaseAuth (3.0.5):
    - FirebaseAnalytics (~> 3.3)
    - GoogleNetworkingUtilities (~> 1.2)
    - GoogleUtilities (~> 1.2)
  - FirebaseCrash (1.0.7):
    - FirebaseAnalytics (~> 3.2)
    - FirebaseInstanceID (~> 1.0)
    - GoogleInterchangeUtilities (~> 1.2)
    - GoogleSymbolUtilities (~> 1.1)
    - GoogleUtilities (~> 1.2)
  - FirebaseDatabase (3.0.3):
    - FirebaseAnalytics (~> 3.3)
  - FirebaseInstanceID (1.0.8)
  - FirebaseRemoteConfig (1.3.0):
    - FirebaseAnalytics (~> 3.3)
    - FirebaseInstanceID (~> 1.0)
    - GoogleInterchangeUtilities (~> 1.2)
    - GoogleIPhoneUtilities (~> 1.2)
    - GoogleSymbolUtilities (~> 1.1)
    - GoogleUtilities (~> 1.2)
  - FirebaseUI/Auth (0.5.6-rc3):
    - Firebase/Auth
  - FirebaseUI/Google (0.5.6-rc3):
    - FirebaseUI/Auth
    - GoogleSignIn (~> 4.0)
  - GoogleAppUtilities (1.1.1):
    - GoogleSymbolUtilities (~> 1.0)
  - GoogleAuthUtilities (2.0.1):
    - GoogleNetworkingUtilities (~> 1.0)
    - GoogleSymbolUtilities (~> 1.0)
  - GoogleInterchangeUtilities (1.2.1):
    - GoogleSymbolUtilities (~> 1.0)
  - GoogleIPhoneUtilities (1.2.1):
    - GoogleSymbolUtilities (~> 1.0)
    - GoogleUtilities (~> 1.0)
  - GoogleNetworkingUtilities (1.2.1):
    - GoogleSymbolUtilities (~> 1.0)
  - GoogleSignIn (4.0.0):
    - GoogleAppUtilities (~> 1.1)
    - GoogleAuthUtilities (~> 2.0)
    - GoogleNetworkingUtilities (~> 1.2)
    - GoogleUtilities (~> 1.3)
  - GoogleSymbolUtilities (1.1.1)
  - GoogleUtilities (1.3.1):
    - GoogleSymbolUtilities (~> 1.0)
  - HockeySDK (4.1.1):
    - HockeySDK/DefaultLib (= 4.1.1)
  - HockeySDK/DefaultLib (4.1.1)
  - MTBBarcodeScanner (2.1.0)
  - PromiseKit/CorePromise (4.0.1)
  - Result (3.0.0)
  - Runes (3.2.1)
  - RxCocoa (3.0.0-beta.1):
    - RxSwift (~> 3.0.0-beta.1)
  - RxSwift (3.0.0-beta.1)
  - Stripe (8.0.7)
  - Swish (1.0.0):
    - Argo (~> 3.0.0)
    - Result (~> 3.0.0)

DEPENDENCIES:
  - Argo (from `https://github.com/thoughtbot/Argo.git`, branch `master`)
  - AsyncSwift (from `https://github.com/duemunk/Async.git`, branch `feature/Swift_3.0`)
  - CardIO
  - Curry (from `https://github.com/thoughtbot/Curry.git`, branch `master`)
  - Delta (from `https://github.com/thoughtbot/Delta.git`, branch `swift3`)
  - Firebase
  - Firebase/Auth
  - Firebase/Crash
  - Firebase/Database
  - Firebase/RemoteConfig
  - FirebaseUI/Google (= 0.5.6-rc3)
  - HockeySDK
  - MTBBarcodeScanner
  - PromiseKit/CorePromise
  - Result (from `https://github.com/antitypical/Result.git`, tag `3.0.0`)
  - Runes (from `https://github.com/thoughtbot/Runes.git`, branch `master`)
  - RxCocoa (= 3.0.0-beta.1)
  - RxSwift (= 3.0.0-beta.1)
  - Stripe
  - Swish (from `https://github.com/thoughtbot/Swish.git`, branch `swift-3.0`)

EXTERNAL SOURCES:
  Argo:
    :branch: master
    :git: https://github.com/thoughtbot/Argo.git
  AsyncSwift:
    :branch: feature/Swift_3.0
    :git: https://github.com/duemunk/Async.git
  Curry:
    :branch: master
    :git: https://github.com/thoughtbot/Curry.git
  Delta:
    :branch: swift3
    :git: https://github.com/thoughtbot/Delta.git
  Result:
    :git: https://github.com/antitypical/Result.git
    :tag: 3.0.0
  Runes:
    :branch: master
    :git: https://github.com/thoughtbot/Runes.git
  Swish:
    :branch: swift-3.0
    :git: https://github.com/thoughtbot/Swish.git

CHECKOUT OPTIONS:
  Argo:
    :commit: 4b57653f7760bd3eedfd1c1fbc821bde191e603d
    :git: https://github.com/thoughtbot/Argo.git
  AsyncSwift:
    :commit: a12cda2fb96c0cd0c845ab8a8277df60af8f506f
    :git: https://github.com/duemunk/Async.git
  Curry:
    :commit: 408134ffa8dd1c09b0050f65eae300381b934bf6
    :git: https://github.com/thoughtbot/Curry.git
  Delta:
    :commit: 7030d425f82b031c697251a556a627db990e38e6
    :git: https://github.com/thoughtbot/Delta.git
  Result:
    :git: https://github.com/antitypical/Result.git
    :tag: 3.0.0
  Runes:
    :commit: e00cf681ec03a2dbf2b4cd6dd1e24d522f55474b
    :git: https://github.com/thoughtbot/Runes.git
  Swish:
    :commit: 69f0e8a3163ad93ae60a2a7275ed08bf4b5c51a1
    :git: https://github.com/thoughtbot/Swish.git

SPEC CHECKSUMS:
  Argo: f2e633ac01162010a2c3d8c495a59f5c79abe4d5
  AsyncSwift: 15c496983f752a3ab8d1be17e64dd4c6f2a31239
  CardIO: 56983b39b62f495fc6dae9ad7cf875143df06443
  Curry: a018288326c97dd2e4f5b37e527d20749e4663c5
  Delta: 35694e6e06a7e5d9dd8a25f3b0768ed66c0579c5
  Firebase: 34187200ef4979dbd485c7aa685ef078bf587c86
  FirebaseAnalytics: 3f5358d9104adf159cc8d99b7b501e50099a39ad
  FirebaseAuth: 75a062bbf2d3c97d1e6e55bbc110e13a6853e25d
  FirebaseCrash: 2efeb3715b76ac843b841529ce413efb67e5fd4d
  FirebaseDatabase: 750a4a0fe18ef114318876fd654b2d9c671e0992
  FirebaseInstanceID: ba1e640935235e5fac39dfa816fe7660e72e1a8a
  FirebaseRemoteConfig: 981f45d4278281cfefa8f48a6f5c566f2c95ac5a
  FirebaseUI: 1a9b2b1668a1c6145e15f8105504e1a6fd9bee08
  GoogleAppUtilities: f1730f91f67767b453c289577040dd3f425ffdc7
  GoogleAuthUtilities: d7a19615cd7627688afcf181737f1011ee8b5a23
  GoogleInterchangeUtilities: def8415a862effc67d549d5b5b0b9c7a2f97d4de
  GoogleIPhoneUtilities: 63f25e93a3ddcb66884d182aab3a660d98f1479b
  GoogleNetworkingUtilities: 3e83269048cfb498dc7ec83ab36813360965c74f
  GoogleSignIn: 09036ed61f8e75f1424100d63f7719480b2428c3
  GoogleSymbolUtilities: 33117db1b5f290c6fbf259585e4885b4c84b98d7
  GoogleUtilities: 56c5ac05b7aa5dc417a1bb85221a9516e04d7032
  HockeySDK: 364679ba00f3447d014dd75cac57e59cc2574318
  MTBBarcodeScanner: 72b7e81aa5ad9be2d40c1af3f2996083dce9d58f
  PromiseKit: ae9e7f97ee758e23f7b9c5e80380a2e78d6338c5
  Result: 1b3e431f37cbcd3ad89c6aa9ab0ae55515fae3b6
  Runes: 6231c760e43f26bd3fe804f15bc08bd1e40e6c46
  RxCocoa: 8cecf331302b8ae5381bbab1bccba4ede2eae6a8
  RxSwift: 0823e8d7969c23bfa9ddfb2afa4881e424a1a710
  Stripe: 2bb9646115745d0ee8c7799e6872c57ba5dc6cc5
  Swish: 09a5974e365c1609e0f2e9d56d755bcbd74cdb07

PODFILE CHECKSUM: 7222cbc1fd29c92e2e5baf790d16445099171e3b

COCOAPODS: 1.1.0.rc.2
