// !$*UTF8*$!
{
	archiveVersion = 1;
	classes = {
	};
	objectVersion = 46;
	objects = {

/* Begin PBXBuildFile section */
		8652EA4EDC3DA5729678D2C7 /* Main.storyboard in Resources */ = {isa = PBXBuildFile; fileRef = B13B28C744797DDC027BFDA2 /* Main.storyboard */; };
		95461CD5D4A9B40E33EF27D4 /* LaunchScreen.xib in Resources */ = {isa = PBXBuildFile; fileRef = A8E065678D341C8C9FB3E61A /* LaunchScreen.xib */; };
		A450CDE52A985A8F7C85D073 /* Pods_Inventry.framework in Frameworks */ = {isa = PBXBuildFile; fileRef = EFDB3D4EB5EF167B9E1FB228 /* Pods_Inventry.framework */; };
		BB78E846142B27596595A81D /* Settings.bundle in Resources */ = {isa = PBXBuildFile; fileRef = F60E73EFEB8C37CE4B6B4CA8 /* Settings.bundle */; };
		C970F6E8A7CCADAF1562B6F4 /* Pods_unit_tests_UnitTests.framework in Frameworks */ = {isa = PBXBuildFile; fileRef = A8A8A7B0CBF7990DAC8735DE /* Pods_unit_tests_UnitTests.framework */; };
		D003D3296CB33C061D68C18F /* Foundation.framework in Frameworks */ = {isa = PBXBuildFile; fileRef = A374D0172567CC3A941F0362 /* Foundation.framework */; };
		DD4A44012FC6D312E507D63A /* Images.xcassets in Resources */ = {isa = PBXBuildFile; fileRef = F455F480F9A35395CB1D85A7 /* Images.xcassets */; };
		E0D41171D9688D0E4132CD70 /* AppDelegate.swift in Sources */ = {isa = PBXBuildFile; fileRef = B7C937EA554B3EA9962016A5 /* AppDelegate.swift */; };
		E7005CE31CFCFDAE00B88483 /* DateFormatter.swift in Sources */ = {isa = PBXBuildFile; fileRef = E7005CE21CFCFDAE00B88483 /* DateFormatter.swift */; };
		E7005CE91CFD4AC500B88483 /* UIAlertViewController.swift in Sources */ = {isa = PBXBuildFile; fileRef = E7005CE81CFD4AC500B88483 /* UIAlertViewController.swift */; };
		E7005CEB1CFD52F400B88483 /* UIColor.swift in Sources */ = {isa = PBXBuildFile; fileRef = E7005CEA1CFD52F400B88483 /* UIColor.swift */; };
		E7005CEF1CFDF76E00B88483 /* Store.swift in Sources */ = {isa = PBXBuildFile; fileRef = E7005CEE1CFDF76E00B88483 /* Store.swift */; };
		E7005CF11CFDF77700B88483 /* AppState.swift in Sources */ = {isa = PBXBuildFile; fileRef = E7005CF01CFDF77700B88483 /* AppState.swift */; };
		E7005CF31CFDF78100B88483 /* RxSwift.swift in Sources */ = {isa = PBXBuildFile; fileRef = E7005CF21CFDF78100B88483 /* RxSwift.swift */; };
		E7005CF61CFDFC4B00B88483 /* IncrementCurrentOrder.swift in Sources */ = {isa = PBXBuildFile; fileRef = E7005CF51CFDFC4B00B88483 /* IncrementCurrentOrder.swift */; };
		E7005CF81CFDFCFD00B88483 /* AddToCurrentOrder.swift in Sources */ = {isa = PBXBuildFile; fileRef = E7005CF71CFDFCFD00B88483 /* AddToCurrentOrder.swift */; };
		E7005CFA1CFDFD9400B88483 /* DecrementFromCurrentOrder.swift in Sources */ = {isa = PBXBuildFile; fileRef = E7005CF91CFDFD9400B88483 /* DecrementFromCurrentOrder.swift */; };
		E7005CFC1CFDFE0200B88483 /* RemoveFromCurrentOrder.swift in Sources */ = {isa = PBXBuildFile; fileRef = E7005CFB1CFDFE0200B88483 /* RemoveFromCurrentOrder.swift */; };
		E7005D001CFF380E00B88483 /* ResetCurrentOrder.swift in Sources */ = {isa = PBXBuildFile; fileRef = E7005CFF1CFF380E00B88483 /* ResetCurrentOrder.swift */; };
		E7005D021CFF397400B88483 /* UpdateCurrentOrder.swift in Sources */ = {isa = PBXBuildFile; fileRef = E7005D011CFF397400B88483 /* UpdateCurrentOrder.swift */; };
		E7005D041CFF3DA300B88483 /* UpdateCurrentOrderCustomer.swift in Sources */ = {isa = PBXBuildFile; fileRef = E7005D031CFF3DA300B88483 /* UpdateCurrentOrderCustomer.swift */; };
		E70AEC7C1CF295BB00778A4D /* GoogleService-Info.plist in Resources */ = {isa = PBXBuildFile; fileRef = E70AEC7B1CF295BB00778A4D /* GoogleService-Info.plist */; };
		E718E1F31CFB67B80086E2C4 /* OrderReviewTableViewCell.swift in Sources */ = {isa = PBXBuildFile; fileRef = E718E1F21CFB67B80086E2C4 /* OrderReviewTableViewCell.swift */; };
		E718E1F91CFB82240086E2C4 /* FormTextFieldTableViewCell.swift in Sources */ = {isa = PBXBuildFile; fileRef = E718E1F81CFB82240086E2C4 /* FormTextFieldTableViewCell.swift */; };
		E718E1FD1CFB843D0086E2C4 /* FormTextFieldTableViewCell.xib in Resources */ = {isa = PBXBuildFile; fileRef = E718E1FC1CFB843D0086E2C4 /* FormTextFieldTableViewCell.xib */; };
		E718E2011CFB9DE20086E2C4 /* OrderSummaryTableViewCell.swift in Sources */ = {isa = PBXBuildFile; fileRef = E718E2001CFB9DE20086E2C4 /* OrderSummaryTableViewCell.swift */; };
		E718E2031CFBA1F70086E2C4 /* LineItemViewModel.swift in Sources */ = {isa = PBXBuildFile; fileRef = E718E2021CFBA1F70086E2C4 /* LineItemViewModel.swift */; };
		E718E2051CFBAEE60086E2C4 /* RemoteConfigDefaults.plist in Resources */ = {isa = PBXBuildFile; fileRef = E718E2041CFBAEE60086E2C4 /* RemoteConfigDefaults.plist */; };
		E718E2071CFBB2390086E2C4 /* Config.swift in Sources */ = {isa = PBXBuildFile; fileRef = E718E2061CFBB2390086E2C4 /* Config.swift */; };
		E718E2091CFBD8530086E2C4 /* Storyboard.swift in Sources */ = {isa = PBXBuildFile; fileRef = E718E2081CFBD8530086E2C4 /* Storyboard.swift */; };
		E718E20B1CFBDF560086E2C4 /* CreditCardTableViewCell.swift in Sources */ = {isa = PBXBuildFile; fileRef = E718E20A1CFBDF560086E2C4 /* CreditCardTableViewCell.swift */; };
		E718E20D1CFBE5B00086E2C4 /* UINavigationItem.swift in Sources */ = {isa = PBXBuildFile; fileRef = E718E20C1CFBE5B00086E2C4 /* UINavigationItem.swift */; };
		E72000111D035E90009BAF12 /* DeleteProduct.swift in Sources */ = {isa = PBXBuildFile; fileRef = E72000101D035E90009BAF12 /* DeleteProduct.swift */; };
		E72000131D036617009BAF12 /* Analytics.swift in Sources */ = {isa = PBXBuildFile; fileRef = E72000121D036617009BAF12 /* Analytics.swift */; };
		E72000151D038420009BAF12 /* Onboarding.storyboard in Resources */ = {isa = PBXBuildFile; fileRef = E72000141D038420009BAF12 /* Onboarding.storyboard */; };
		E72000171D0384B6009BAF12 /* StripeAuthenticationController.swift in Sources */ = {isa = PBXBuildFile; fileRef = E72000161D0384B6009BAF12 /* StripeAuthenticationController.swift */; };
		E720001D1D039D98009BAF12 /* AccountSetupController.swift in Sources */ = {isa = PBXBuildFile; fileRef = E720001C1D039D98009BAF12 /* AccountSetupController.swift */; };
		E72000211D03CF06009BAF12 /* StripeConnectAccount.swift in Sources */ = {isa = PBXBuildFile; fileRef = E72000201D03CF06009BAF12 /* StripeConnectAccount.swift */; };
		E72000231D047DF8009BAF12 /* SettingsViewController.swift in Sources */ = {isa = PBXBuildFile; fileRef = E72000221D047DF8009BAF12 /* SettingsViewController.swift */; };
		E72B55DF1D9F0C67004C0344 /* CreateListViewController.swift in Sources */ = {isa = PBXBuildFile; fileRef = E72B55DE1D9F0C67004C0344 /* CreateListViewController.swift */; };
		E72B55E11D9FFD37004C0344 /* List.swift in Sources */ = {isa = PBXBuildFile; fileRef = E72B55E01D9FFD37004C0344 /* List.swift */; };
		E72B55E31D9FFEFD004C0344 /* CreateList.swift in Sources */ = {isa = PBXBuildFile; fileRef = E72B55E21D9FFEFD004C0344 /* CreateList.swift */; };
		E72B55E51DA013BC004C0344 /* ListsQuery.swift in Sources */ = {isa = PBXBuildFile; fileRef = E72B55E41DA013BC004C0344 /* ListsQuery.swift */; };
		E72B55E71DA01897004C0344 /* ListsViewController.swift in Sources */ = {isa = PBXBuildFile; fileRef = E72B55E61DA01897004C0344 /* ListsViewController.swift */; };
		E72B55E91DA13C8E004C0344 /* DeleteList.swift in Sources */ = {isa = PBXBuildFile; fileRef = E72B55E81DA13C8E004C0344 /* DeleteList.swift */; };
		E72D66491CFFDF120097FEB5 /* Getters.swift in Sources */ = {isa = PBXBuildFile; fileRef = E72D66481CFFDF120097FEB5 /* Getters.swift */; };
		E72D664B1CFFE2490097FEB5 /* SetOrder.swift in Sources */ = {isa = PBXBuildFile; fileRef = E72D664A1CFFE2490097FEB5 /* SetOrder.swift */; };
		E72D66501CFFF36E0097FEB5 /* CreateUser.swift in Sources */ = {isa = PBXBuildFile; fileRef = E72D664F1CFFF36E0097FEB5 /* CreateUser.swift */; };
		E72D66521CFFF3A10097FEB5 /* User.swift in Sources */ = {isa = PBXBuildFile; fileRef = E72D66511CFFF3A10097FEB5 /* User.swift */; };
		E72D66541CFFFED20097FEB5 /* SaveProduct.swift in Sources */ = {isa = PBXBuildFile; fileRef = E72D66531CFFFED20097FEB5 /* SaveProduct.swift */; };
		E72D66591D01D9B30097FEB5 /* SaveOrder.swift in Sources */ = {isa = PBXBuildFile; fileRef = E72D66581D01D9B30097FEB5 /* SaveOrder.swift */; };
		E73B3E141D7DF593001C19B5 /* PublicUser.swift in Sources */ = {isa = PBXBuildFile; fileRef = E73B3E131D7DF593001C19B5 /* PublicUser.swift */; };
		E73B3E161D7DFBD0001C19B5 /* ToggleInventoryPartner.swift in Sources */ = {isa = PBXBuildFile; fileRef = E73B3E151D7DFBD0001C19B5 /* ToggleInventoryPartner.swift */; };
		E7444C6F1CF4A433006D7159 /* Database.swift in Sources */ = {isa = PBXBuildFile; fileRef = E7444C6E1CF4A433006D7159 /* Database.swift */; };
		E7444C711CF4AD4B006D7159 /* Firebase.swift in Sources */ = {isa = PBXBuildFile; fileRef = E7444C701CF4AD4B006D7159 /* Firebase.swift */; };
		E7444C731CF60812006D7159 /* OrdersTableViewController.swift in Sources */ = {isa = PBXBuildFile; fileRef = E7444C721CF60812006D7159 /* OrdersTableViewController.swift */; };
		E7444C751CF608EB006D7159 /* Order.swift in Sources */ = {isa = PBXBuildFile; fileRef = E7444C741CF608EB006D7159 /* Order.swift */; };
		E7444C771CF6097C006D7159 /* OrderChooseProductsTableViewController.swift in Sources */ = {isa = PBXBuildFile; fileRef = E7444C761CF6097C006D7159 /* OrderChooseProductsTableViewController.swift */; };
		E7444C811CF8C1BF006D7159 /* LineItem.swift in Sources */ = {isa = PBXBuildFile; fileRef = E7444C801CF8C1BF006D7159 /* LineItem.swift */; };
		E7444C831CF8E26E006D7159 /* Swift.swift in Sources */ = {isa = PBXBuildFile; fileRef = E7444C821CF8E26E006D7159 /* Swift.swift */; };
		E7A57F6A1D919DC400729640 /* Dictionary.swift in Sources */ = {isa = PBXBuildFile; fileRef = E7A57F691D919DC400729640 /* Dictionary.swift */; };
		E7B7C8EC1CF912C70019BA0D /* OrderPaymentViewController.swift in Sources */ = {isa = PBXBuildFile; fileRef = E7B7C8EB1CF912C70019BA0D /* OrderPaymentViewController.swift */; };
		E7B7C8EE1CF91C4B0019BA0D /* OrderReviewViewController.swift in Sources */ = {isa = PBXBuildFile; fileRef = E7B7C8ED1CF91C4B0019BA0D /* OrderReviewViewController.swift */; };
		E7B7C8F01CF923700019BA0D /* BarcodeScannerViewController.swift in Sources */ = {isa = PBXBuildFile; fileRef = E7B7C8EF1CF923700019BA0D /* BarcodeScannerViewController.swift */; };
		E7B7C8F21CF9EC220019BA0D /* PaymentProvider.swift in Sources */ = {isa = PBXBuildFile; fileRef = E7B7C8F11CF9EC220019BA0D /* PaymentProvider.swift */; };
		E7B7C8FD1CFA07C40019BA0D /* ProcessPaymentRequest.swift in Sources */ = {isa = PBXBuildFile; fileRef = E7B7C8FC1CFA07C40019BA0D /* ProcessPaymentRequest.swift */; };
		E7B7C9011CFA096C0019BA0D /* RequestFactory.swift in Sources */ = {isa = PBXBuildFile; fileRef = E7B7C9001CFA096C0019BA0D /* RequestFactory.swift */; };
		E7B7C9031CFA0A900019BA0D /* Swish.swift in Sources */ = {isa = PBXBuildFile; fileRef = E7B7C9021CFA0A900019BA0D /* Swish.swift */; };
		E7B7C9051CFA10870019BA0D /* Charge.swift in Sources */ = {isa = PBXBuildFile; fileRef = E7B7C9041CFA10870019BA0D /* Charge.swift */; };
		E7B7C9071CFA11AD0019BA0D /* OrderProcessor.swift in Sources */ = {isa = PBXBuildFile; fileRef = E7B7C9061CFA11AD0019BA0D /* OrderProcessor.swift */; };
		E7B7C9091CFA15240019BA0D /* Currency.swift in Sources */ = {isa = PBXBuildFile; fileRef = E7B7C9081CFA15240019BA0D /* Currency.swift */; };
		E7B7C90B1CFA265E0019BA0D /* Customer.swift in Sources */ = {isa = PBXBuildFile; fileRef = E7B7C90A1CFA265E0019BA0D /* Customer.swift */; };
		E7B7C9101CFA47160019BA0D /* PriceFormatter.swift in Sources */ = {isa = PBXBuildFile; fileRef = E7B7C90F1CFA47160019BA0D /* PriceFormatter.swift */; };
		E7B7C9121CFA4EF10019BA0D /* SelectProductTableViewCell.swift in Sources */ = {isa = PBXBuildFile; fileRef = E7B7C9111CFA4EF10019BA0D /* SelectProductTableViewCell.swift */; };
		E7B7C9141CFA69100019BA0D /* Argo.swift in Sources */ = {isa = PBXBuildFile; fileRef = E7B7C9131CFA69100019BA0D /* Argo.swift */; };
		E7B7C9161CFA77510019BA0D /* FIRNestedArray.swift in Sources */ = {isa = PBXBuildFile; fileRef = E7B7C9151CFA77510019BA0D /* FIRNestedArray.swift */; };
		E7B7C91C1CFAA8DB0019BA0D /* AuthenticationController.swift in Sources */ = {isa = PBXBuildFile; fileRef = E7B7C91B1CFAA8DB0019BA0D /* AuthenticationController.swift */; };
		E7B7C91E1CFB57AA0019BA0D /* OrderViewModel.swift in Sources */ = {isa = PBXBuildFile; fileRef = E7B7C91D1CFB57AA0019BA0D /* OrderViewModel.swift */; };
		E7C042991D9815FA000A02AB /* UpdateAuthFIRUser.swift in Sources */ = {isa = PBXBuildFile; fileRef = E7C042981D9815FA000A02AB /* UpdateAuthFIRUser.swift */; };
		E7C0429B1D981604000A02AB /* UpdateAuthUser.swift in Sources */ = {isa = PBXBuildFile; fileRef = E7C0429A1D981604000A02AB /* UpdateAuthUser.swift */; };
		E7C0429D1D982B75000A02AB /* ApplicationController.swift in Sources */ = {isa = PBXBuildFile; fileRef = E7C0429C1D982B75000A02AB /* ApplicationController.swift */; };
		E7C0429F1D982B84000A02AB /* ApplicationViewController.swift in Sources */ = {isa = PBXBuildFile; fileRef = E7C0429E1D982B84000A02AB /* ApplicationViewController.swift */; };
		E7C042A11D982C86000A02AB /* NSError.swift in Sources */ = {isa = PBXBuildFile; fileRef = E7C042A01D982C86000A02AB /* NSError.swift */; };
		E7C042A31D982E80000A02AB /* ViewControllerContainer.swift in Sources */ = {isa = PBXBuildFile; fileRef = E7C042A21D982E80000A02AB /* ViewControllerContainer.swift */; };
		E7DA2A061D987D1A002F8930 /* Styles.swift in Sources */ = {isa = PBXBuildFile; fileRef = E7DA2A051D987D1A002F8930 /* Styles.swift */; };
		E7DA83951CF2A735001320D2 /* EditProductViewController.swift in Sources */ = {isa = PBXBuildFile; fileRef = E7DA83941CF2A735001320D2 /* EditProductViewController.swift */; };
		E7DA83971CF2AA23001320D2 /* Product.swift in Sources */ = {isa = PBXBuildFile; fileRef = E7DA83961CF2AA23001320D2 /* Product.swift */; };
		E7DA83991CF2AA4B001320D2 /* Modelable.swift in Sources */ = {isa = PBXBuildFile; fileRef = E7DA83981CF2AA4B001320D2 /* Modelable.swift */; };
		E7DA839B1CF2B037001320D2 /* Encodable.swift in Sources */ = {isa = PBXBuildFile; fileRef = E7DA839A1CF2B037001320D2 /* Encodable.swift */; };
		E7DA839D1CF2B388001320D2 /* ProductsTableViewController.swift in Sources */ = {isa = PBXBuildFile; fileRef = E7DA839C1CF2B388001320D2 /* ProductsTableViewController.swift */; };
		E7DA839F1CF2D606001320D2 /* ProductViewController.swift in Sources */ = {isa = PBXBuildFile; fileRef = E7DA839E1CF2D606001320D2 /* ProductViewController.swift */; };
		E7EA96D81CFCA9A6008B47D4 /* OrderFlow.storyboard in Resources */ = {isa = PBXBuildFile; fileRef = E7EA96D71CFCA9A6008B47D4 /* OrderFlow.storyboard */; };
		E7EA96DA1CFCC718008B47D4 /* Timestampable.swift in Sources */ = {isa = PBXBuildFile; fileRef = E7EA96D91CFCC718008B47D4 /* Timestampable.swift */; };
		E7EA96DC1CFCCA9E008B47D4 /* NSDate.swift in Sources */ = {isa = PBXBuildFile; fileRef = E7EA96DB1CFCCA9E008B47D4 /* NSDate.swift */; };
		E7EA96DE1CFCCABA008B47D4 /* Timestamps.swift in Sources */ = {isa = PBXBuildFile; fileRef = E7EA96DD1CFCCABA008B47D4 /* Timestamps.swift */; };
		E7EA96E11CFCD06D008B47D4 /* Environment.swift in Sources */ = {isa = PBXBuildFile; fileRef = E7EA96E01CFCD06D008B47D4 /* Environment.swift */; };
		E7EB3BD61D8CC10E007A463B /* Query.swift in Sources */ = {isa = PBXBuildFile; fileRef = E7EB3BD51D8CC10E007A463B /* Query.swift */; };
		E7EB3BD81D8CC5B3007A463B /* OrdersQuery.swift in Sources */ = {isa = PBXBuildFile; fileRef = E7EB3BD71D8CC5B3007A463B /* OrdersQuery.swift */; };
		E7EB3BDA1D8CC838007A463B /* PublicUsersQuery.swift in Sources */ = {isa = PBXBuildFile; fileRef = E7EB3BD91D8CC838007A463B /* PublicUsersQuery.swift */; };
		E7EB3BDC1D8CC8B5007A463B /* UserQuery.swift in Sources */ = {isa = PBXBuildFile; fileRef = E7EB3BDB1D8CC8B5007A463B /* UserQuery.swift */; };
		E7EB3BDE1D8CC936007A463B /* ProductQuery.swift in Sources */ = {isa = PBXBuildFile; fileRef = E7EB3BDD1D8CC936007A463B /* ProductQuery.swift */; };
		E7EB3BE01D8CC9F8007A463B /* ProductsQuery.swift in Sources */ = {isa = PBXBuildFile; fileRef = E7EB3BDF1D8CC9F8007A463B /* ProductsQuery.swift */; };
		E7EB3BE41D8E1F30007A463B /* PublicUserQuery.swift in Sources */ = {isa = PBXBuildFile; fileRef = E7EB3BE31D8E1F30007A463B /* PublicUserQuery.swift */; };
/* End PBXBuildFile section */

/* Begin PBXContainerItemProxy section */
		FCDACEA02FC5DB4E537F686E /* PBXContainerItemProxy */ = {
			isa = PBXContainerItemProxy;
			containerPortal = 02FF97DFB90B629914DDDCCE /* Project object */;
			proxyType = 1;
			remoteGlobalIDString = 9538D368E3240AF8C15983C3;
			remoteInfo = Inventry;
		};
/* End PBXContainerItemProxy section */

/* Begin PBXFileReference section */
		01945511DF8B7EDB6A9A3BD7 /* UnitTests.xctest */ = {isa = PBXFileReference; explicitFileType = wrapper.cfbundle; includeInIndex = 0; path = UnitTests.xctest; sourceTree = BUILT_PRODUCTS_DIR; };
		44585C4170BCF74D3D59D36F /* Pods-unit_tests-UnitTests.release.xcconfig */ = {isa = PBXFileReference; includeInIndex = 1; lastKnownFileType = text.xcconfig; name = "Pods-unit_tests-UnitTests.release.xcconfig"; path = "Pods/Target Support Files/Pods-unit_tests-UnitTests/Pods-unit_tests-UnitTests.release.xcconfig"; sourceTree = "<group>"; };
		6454E556A2A2CE34327F1EFF /* Pods-Inventry.release.xcconfig */ = {isa = PBXFileReference; includeInIndex = 1; lastKnownFileType = text.xcconfig; name = "Pods-Inventry.release.xcconfig"; path = "Pods/Target Support Files/Pods-Inventry/Pods-Inventry.release.xcconfig"; sourceTree = "<group>"; };
		825F635CF5FEF774B0E62269 /* Info.plist */ = {isa = PBXFileReference; includeInIndex = 1; lastKnownFileType = text.plist.xml; path = Info.plist; sourceTree = "<group>"; };
		8DF1A6AE3F805647E02896FE /* Inventry.app */ = {isa = PBXFileReference; explicitFileType = wrapper.application; includeInIndex = 0; path = Inventry.app; sourceTree = BUILT_PRODUCTS_DIR; };
		A374D0172567CC3A941F0362 /* Foundation.framework */ = {isa = PBXFileReference; lastKnownFileType = wrapper.framework; name = Foundation.framework; path = Platforms/iPhoneOS.platform/Developer/SDKs/iPhoneOS9.0.sdk/System/Library/Frameworks/Foundation.framework; sourceTree = DEVELOPER_DIR; };
		A4D8A459E3D7E443179387B8 /* Pods-unit_tests-UnitTests.debug.xcconfig */ = {isa = PBXFileReference; includeInIndex = 1; lastKnownFileType = text.xcconfig; name = "Pods-unit_tests-UnitTests.debug.xcconfig"; path = "Pods/Target Support Files/Pods-unit_tests-UnitTests/Pods-unit_tests-UnitTests.debug.xcconfig"; sourceTree = "<group>"; };
		A8A8A7B0CBF7990DAC8735DE /* Pods_unit_tests_UnitTests.framework */ = {isa = PBXFileReference; explicitFileType = wrapper.framework; includeInIndex = 0; path = Pods_unit_tests_UnitTests.framework; sourceTree = BUILT_PRODUCTS_DIR; };
		A8E065678D341C8C9FB3E61A /* LaunchScreen.xib */ = {isa = PBXFileReference; includeInIndex = 1; lastKnownFileType = file.xib; path = LaunchScreen.xib; sourceTree = "<group>"; };
		B13B28C744797DDC027BFDA2 /* Main.storyboard */ = {isa = PBXFileReference; includeInIndex = 1; lastKnownFileType = file.storyboard; path = Main.storyboard; sourceTree = "<group>"; };
		B7C937EA554B3EA9962016A5 /* AppDelegate.swift */ = {isa = PBXFileReference; includeInIndex = 1; lastKnownFileType = sourcecode.swift; path = AppDelegate.swift; sourceTree = "<group>"; };
		C56AF8F3F8FCAEC42E5CF8AA /* Pods-Inventry.debug.xcconfig */ = {isa = PBXFileReference; includeInIndex = 1; lastKnownFileType = text.xcconfig; name = "Pods-Inventry.debug.xcconfig"; path = "Pods/Target Support Files/Pods-Inventry/Pods-Inventry.debug.xcconfig"; sourceTree = "<group>"; };
		CD73A0495055341D53C6214F /* UnitTests-Info.plist */ = {isa = PBXFileReference; includeInIndex = 1; lastKnownFileType = text.plist.xml; path = "UnitTests-Info.plist"; sourceTree = "<group>"; };
		E7005CE21CFCFDAE00B88483 /* DateFormatter.swift */ = {isa = PBXFileReference; fileEncoding = 4; lastKnownFileType = sourcecode.swift; path = DateFormatter.swift; sourceTree = "<group>"; };
		E7005CE81CFD4AC500B88483 /* UIAlertViewController.swift */ = {isa = PBXFileReference; fileEncoding = 4; lastKnownFileType = sourcecode.swift; path = UIAlertViewController.swift; sourceTree = "<group>"; };
		E7005CEA1CFD52F400B88483 /* UIColor.swift */ = {isa = PBXFileReference; fileEncoding = 4; lastKnownFileType = sourcecode.swift; path = UIColor.swift; sourceTree = "<group>"; };
		E7005CEE1CFDF76E00B88483 /* Store.swift */ = {isa = PBXFileReference; fileEncoding = 4; lastKnownFileType = sourcecode.swift; path = Store.swift; sourceTree = "<group>"; };
		E7005CF01CFDF77700B88483 /* AppState.swift */ = {isa = PBXFileReference; fileEncoding = 4; lastKnownFileType = sourcecode.swift; path = AppState.swift; sourceTree = "<group>"; };
		E7005CF21CFDF78100B88483 /* RxSwift.swift */ = {isa = PBXFileReference; fileEncoding = 4; lastKnownFileType = sourcecode.swift; path = RxSwift.swift; sourceTree = "<group>"; };
		E7005CF51CFDFC4B00B88483 /* IncrementCurrentOrder.swift */ = {isa = PBXFileReference; fileEncoding = 4; lastKnownFileType = sourcecode.swift; path = IncrementCurrentOrder.swift; sourceTree = "<group>"; };
		E7005CF71CFDFCFD00B88483 /* AddToCurrentOrder.swift */ = {isa = PBXFileReference; fileEncoding = 4; lastKnownFileType = sourcecode.swift; path = AddToCurrentOrder.swift; sourceTree = "<group>"; };
		E7005CF91CFDFD9400B88483 /* DecrementFromCurrentOrder.swift */ = {isa = PBXFileReference; fileEncoding = 4; lastKnownFileType = sourcecode.swift; path = DecrementFromCurrentOrder.swift; sourceTree = "<group>"; };
		E7005CFB1CFDFE0200B88483 /* RemoveFromCurrentOrder.swift */ = {isa = PBXFileReference; fileEncoding = 4; lastKnownFileType = sourcecode.swift; path = RemoveFromCurrentOrder.swift; sourceTree = "<group>"; };
		E7005CFF1CFF380E00B88483 /* ResetCurrentOrder.swift */ = {isa = PBXFileReference; fileEncoding = 4; lastKnownFileType = sourcecode.swift; path = ResetCurrentOrder.swift; sourceTree = "<group>"; };
		E7005D011CFF397400B88483 /* UpdateCurrentOrder.swift */ = {isa = PBXFileReference; fileEncoding = 4; lastKnownFileType = sourcecode.swift; path = UpdateCurrentOrder.swift; sourceTree = "<group>"; };
		E7005D031CFF3DA300B88483 /* UpdateCurrentOrderCustomer.swift */ = {isa = PBXFileReference; fileEncoding = 4; lastKnownFileType = sourcecode.swift; path = UpdateCurrentOrderCustomer.swift; sourceTree = "<group>"; };
		E70AEC7B1CF295BB00778A4D /* GoogleService-Info.plist */ = {isa = PBXFileReference; fileEncoding = 4; lastKnownFileType = text.plist.xml; path = "GoogleService-Info.plist"; sourceTree = "<group>"; };
		E718E1F21CFB67B80086E2C4 /* OrderReviewTableViewCell.swift */ = {isa = PBXFileReference; fileEncoding = 4; lastKnownFileType = sourcecode.swift; path = OrderReviewTableViewCell.swift; sourceTree = "<group>"; };
		E718E1F81CFB82240086E2C4 /* FormTextFieldTableViewCell.swift */ = {isa = PBXFileReference; fileEncoding = 4; lastKnownFileType = sourcecode.swift; path = FormTextFieldTableViewCell.swift; sourceTree = "<group>"; };
		E718E1FC1CFB843D0086E2C4 /* FormTextFieldTableViewCell.xib */ = {isa = PBXFileReference; fileEncoding = 4; lastKnownFileType = file.xib; path = FormTextFieldTableViewCell.xib; sourceTree = "<group>"; };
		E718E2001CFB9DE20086E2C4 /* OrderSummaryTableViewCell.swift */ = {isa = PBXFileReference; fileEncoding = 4; lastKnownFileType = sourcecode.swift; path = OrderSummaryTableViewCell.swift; sourceTree = "<group>"; };
		E718E2021CFBA1F70086E2C4 /* LineItemViewModel.swift */ = {isa = PBXFileReference; fileEncoding = 4; lastKnownFileType = sourcecode.swift; path = LineItemViewModel.swift; sourceTree = "<group>"; };
		E718E2041CFBAEE60086E2C4 /* RemoteConfigDefaults.plist */ = {isa = PBXFileReference; fileEncoding = 4; lastKnownFileType = text.plist.xml; path = RemoteConfigDefaults.plist; sourceTree = "<group>"; };
		E718E2061CFBB2390086E2C4 /* Config.swift */ = {isa = PBXFileReference; fileEncoding = 4; lastKnownFileType = sourcecode.swift; path = Config.swift; sourceTree = "<group>"; };
		E718E2081CFBD8530086E2C4 /* Storyboard.swift */ = {isa = PBXFileReference; fileEncoding = 4; lastKnownFileType = sourcecode.swift; path = Storyboard.swift; sourceTree = "<group>"; };
		E718E20A1CFBDF560086E2C4 /* CreditCardTableViewCell.swift */ = {isa = PBXFileReference; fileEncoding = 4; lastKnownFileType = sourcecode.swift; path = CreditCardTableViewCell.swift; sourceTree = "<group>"; };
		E718E20C1CFBE5B00086E2C4 /* UINavigationItem.swift */ = {isa = PBXFileReference; fileEncoding = 4; lastKnownFileType = sourcecode.swift; path = UINavigationItem.swift; sourceTree = "<group>"; };
		E72000101D035E90009BAF12 /* DeleteProduct.swift */ = {isa = PBXFileReference; fileEncoding = 4; lastKnownFileType = sourcecode.swift; path = DeleteProduct.swift; sourceTree = "<group>"; };
		E72000121D036617009BAF12 /* Analytics.swift */ = {isa = PBXFileReference; fileEncoding = 4; lastKnownFileType = sourcecode.swift; path = Analytics.swift; sourceTree = "<group>"; };
		E72000141D038420009BAF12 /* Onboarding.storyboard */ = {isa = PBXFileReference; fileEncoding = 4; lastKnownFileType = file.storyboard; path = Onboarding.storyboard; sourceTree = "<group>"; };
		E72000161D0384B6009BAF12 /* StripeAuthenticationController.swift */ = {isa = PBXFileReference; fileEncoding = 4; lastKnownFileType = sourcecode.swift; path = StripeAuthenticationController.swift; sourceTree = "<group>"; };
		E720001C1D039D98009BAF12 /* AccountSetupController.swift */ = {isa = PBXFileReference; fileEncoding = 4; lastKnownFileType = sourcecode.swift; path = AccountSetupController.swift; sourceTree = "<group>"; };
		E72000201D03CF06009BAF12 /* StripeConnectAccount.swift */ = {isa = PBXFileReference; fileEncoding = 4; lastKnownFileType = sourcecode.swift; path = StripeConnectAccount.swift; sourceTree = "<group>"; };
		E72000221D047DF8009BAF12 /* SettingsViewController.swift */ = {isa = PBXFileReference; fileEncoding = 4; lastKnownFileType = sourcecode.swift; path = SettingsViewController.swift; sourceTree = "<group>"; };
		E72000241D04954D009BAF12 /* Inventry-Bridging-Header.h */ = {isa = PBXFileReference; lastKnownFileType = sourcecode.c.h; path = "Inventry-Bridging-Header.h"; sourceTree = "<group>"; };
		E72B55DE1D9F0C67004C0344 /* CreateListViewController.swift */ = {isa = PBXFileReference; fileEncoding = 4; lastKnownFileType = sourcecode.swift; path = CreateListViewController.swift; sourceTree = "<group>"; };
		E72B55E01D9FFD37004C0344 /* List.swift */ = {isa = PBXFileReference; fileEncoding = 4; lastKnownFileType = sourcecode.swift; path = List.swift; sourceTree = "<group>"; };
		E72B55E21D9FFEFD004C0344 /* CreateList.swift */ = {isa = PBXFileReference; fileEncoding = 4; lastKnownFileType = sourcecode.swift; path = CreateList.swift; sourceTree = "<group>"; };
		E72B55E41DA013BC004C0344 /* ListsQuery.swift */ = {isa = PBXFileReference; fileEncoding = 4; lastKnownFileType = sourcecode.swift; path = ListsQuery.swift; sourceTree = "<group>"; };
		E72B55E61DA01897004C0344 /* ListsViewController.swift */ = {isa = PBXFileReference; fileEncoding = 4; lastKnownFileType = sourcecode.swift; path = ListsViewController.swift; sourceTree = "<group>"; };
		E72B55E81DA13C8E004C0344 /* DeleteList.swift */ = {isa = PBXFileReference; fileEncoding = 4; lastKnownFileType = sourcecode.swift; path = DeleteList.swift; sourceTree = "<group>"; };
		E72D66481CFFDF120097FEB5 /* Getters.swift */ = {isa = PBXFileReference; fileEncoding = 4; lastKnownFileType = sourcecode.swift; path = Getters.swift; sourceTree = "<group>"; };
		E72D664A1CFFE2490097FEB5 /* SetOrder.swift */ = {isa = PBXFileReference; fileEncoding = 4; lastKnownFileType = sourcecode.swift; path = SetOrder.swift; sourceTree = "<group>"; };
		E72D664F1CFFF36E0097FEB5 /* CreateUser.swift */ = {isa = PBXFileReference; fileEncoding = 4; lastKnownFileType = sourcecode.swift; path = CreateUser.swift; sourceTree = "<group>"; };
		E72D66511CFFF3A10097FEB5 /* User.swift */ = {isa = PBXFileReference; fileEncoding = 4; lastKnownFileType = sourcecode.swift; path = User.swift; sourceTree = "<group>"; };
		E72D66531CFFFED20097FEB5 /* SaveProduct.swift */ = {isa = PBXFileReference; fileEncoding = 4; lastKnownFileType = sourcecode.swift; path = SaveProduct.swift; sourceTree = "<group>"; };
		E72D66581D01D9B30097FEB5 /* SaveOrder.swift */ = {isa = PBXFileReference; fileEncoding = 4; lastKnownFileType = sourcecode.swift; path = SaveOrder.swift; sourceTree = "<group>"; };
		E73B3E131D7DF593001C19B5 /* PublicUser.swift */ = {isa = PBXFileReference; fileEncoding = 4; lastKnownFileType = sourcecode.swift; path = PublicUser.swift; sourceTree = "<group>"; };
		E73B3E151D7DFBD0001C19B5 /* ToggleInventoryPartner.swift */ = {isa = PBXFileReference; fileEncoding = 4; lastKnownFileType = sourcecode.swift; path = ToggleInventoryPartner.swift; sourceTree = "<group>"; };
		E7444C6E1CF4A433006D7159 /* Database.swift */ = {isa = PBXFileReference; fileEncoding = 4; lastKnownFileType = sourcecode.swift; path = Database.swift; sourceTree = "<group>"; };
		E7444C701CF4AD4B006D7159 /* Firebase.swift */ = {isa = PBXFileReference; fileEncoding = 4; lastKnownFileType = sourcecode.swift; path = Firebase.swift; sourceTree = "<group>"; };
		E7444C721CF60812006D7159 /* OrdersTableViewController.swift */ = {isa = PBXFileReference; fileEncoding = 4; lastKnownFileType = sourcecode.swift; path = OrdersTableViewController.swift; sourceTree = "<group>"; };
		E7444C741CF608EB006D7159 /* Order.swift */ = {isa = PBXFileReference; fileEncoding = 4; lastKnownFileType = sourcecode.swift; path = Order.swift; sourceTree = "<group>"; };
		E7444C761CF6097C006D7159 /* OrderChooseProductsTableViewController.swift */ = {isa = PBXFileReference; fileEncoding = 4; lastKnownFileType = sourcecode.swift; path = OrderChooseProductsTableViewController.swift; sourceTree = "<group>"; };
		E7444C801CF8C1BF006D7159 /* LineItem.swift */ = {isa = PBXFileReference; fileEncoding = 4; lastKnownFileType = sourcecode.swift; path = LineItem.swift; sourceTree = "<group>"; };
		E7444C821CF8E26E006D7159 /* Swift.swift */ = {isa = PBXFileReference; fileEncoding = 4; lastKnownFileType = sourcecode.swift; path = Swift.swift; sourceTree = "<group>"; };
		E7A57F681D91815A00729640 /* Inventry.entitlements */ = {isa = PBXFileReference; lastKnownFileType = text.plist.entitlements; name = Inventry.entitlements; path = ../../Inventry.entitlements; sourceTree = "<group>"; };
		E7A57F691D919DC400729640 /* Dictionary.swift */ = {isa = PBXFileReference; fileEncoding = 4; lastKnownFileType = sourcecode.swift; path = Dictionary.swift; sourceTree = "<group>"; };
		E7B7C8EB1CF912C70019BA0D /* OrderPaymentViewController.swift */ = {isa = PBXFileReference; fileEncoding = 4; lastKnownFileType = sourcecode.swift; path = OrderPaymentViewController.swift; sourceTree = "<group>"; };
		E7B7C8ED1CF91C4B0019BA0D /* OrderReviewViewController.swift */ = {isa = PBXFileReference; fileEncoding = 4; lastKnownFileType = sourcecode.swift; path = OrderReviewViewController.swift; sourceTree = "<group>"; };
		E7B7C8EF1CF923700019BA0D /* BarcodeScannerViewController.swift */ = {isa = PBXFileReference; fileEncoding = 4; lastKnownFileType = sourcecode.swift; path = BarcodeScannerViewController.swift; sourceTree = "<group>"; };
		E7B7C8F11CF9EC220019BA0D /* PaymentProvider.swift */ = {isa = PBXFileReference; fileEncoding = 4; lastKnownFileType = sourcecode.swift; path = PaymentProvider.swift; sourceTree = "<group>"; };
		E7B7C8FC1CFA07C40019BA0D /* ProcessPaymentRequest.swift */ = {isa = PBXFileReference; fileEncoding = 4; lastKnownFileType = sourcecode.swift; path = ProcessPaymentRequest.swift; sourceTree = "<group>"; };
		E7B7C9001CFA096C0019BA0D /* RequestFactory.swift */ = {isa = PBXFileReference; fileEncoding = 4; lastKnownFileType = sourcecode.swift; path = RequestFactory.swift; sourceTree = "<group>"; };
		E7B7C9021CFA0A900019BA0D /* Swish.swift */ = {isa = PBXFileReference; fileEncoding = 4; lastKnownFileType = sourcecode.swift; path = Swish.swift; sourceTree = "<group>"; };
		E7B7C9041CFA10870019BA0D /* Charge.swift */ = {isa = PBXFileReference; fileEncoding = 4; lastKnownFileType = sourcecode.swift; path = Charge.swift; sourceTree = "<group>"; };
		E7B7C9061CFA11AD0019BA0D /* OrderProcessor.swift */ = {isa = PBXFileReference; fileEncoding = 4; lastKnownFileType = sourcecode.swift; path = OrderProcessor.swift; sourceTree = "<group>"; };
		E7B7C9081CFA15240019BA0D /* Currency.swift */ = {isa = PBXFileReference; fileEncoding = 4; lastKnownFileType = sourcecode.swift; path = Currency.swift; sourceTree = "<group>"; };
		E7B7C90A1CFA265E0019BA0D /* Customer.swift */ = {isa = PBXFileReference; fileEncoding = 4; lastKnownFileType = sourcecode.swift; path = Customer.swift; sourceTree = "<group>"; };
		E7B7C90F1CFA47160019BA0D /* PriceFormatter.swift */ = {isa = PBXFileReference; fileEncoding = 4; lastKnownFileType = sourcecode.swift; path = PriceFormatter.swift; sourceTree = "<group>"; };
		E7B7C9111CFA4EF10019BA0D /* SelectProductTableViewCell.swift */ = {isa = PBXFileReference; fileEncoding = 4; lastKnownFileType = sourcecode.swift; path = SelectProductTableViewCell.swift; sourceTree = "<group>"; };
		E7B7C9131CFA69100019BA0D /* Argo.swift */ = {isa = PBXFileReference; fileEncoding = 4; lastKnownFileType = sourcecode.swift; path = Argo.swift; sourceTree = "<group>"; };
		E7B7C9151CFA77510019BA0D /* FIRNestedArray.swift */ = {isa = PBXFileReference; fileEncoding = 4; lastKnownFileType = sourcecode.swift; path = FIRNestedArray.swift; sourceTree = "<group>"; };
		E7B7C91B1CFAA8DB0019BA0D /* AuthenticationController.swift */ = {isa = PBXFileReference; fileEncoding = 4; lastKnownFileType = sourcecode.swift; path = AuthenticationController.swift; sourceTree = "<group>"; };
		E7B7C91D1CFB57AA0019BA0D /* OrderViewModel.swift */ = {isa = PBXFileReference; fileEncoding = 4; lastKnownFileType = sourcecode.swift; path = OrderViewModel.swift; sourceTree = "<group>"; };
		E7C042981D9815FA000A02AB /* UpdateAuthFIRUser.swift */ = {isa = PBXFileReference; fileEncoding = 4; lastKnownFileType = sourcecode.swift; path = UpdateAuthFIRUser.swift; sourceTree = "<group>"; };
		E7C0429A1D981604000A02AB /* UpdateAuthUser.swift */ = {isa = PBXFileReference; fileEncoding = 4; lastKnownFileType = sourcecode.swift; path = UpdateAuthUser.swift; sourceTree = "<group>"; };
		E7C0429C1D982B75000A02AB /* ApplicationController.swift */ = {isa = PBXFileReference; fileEncoding = 4; lastKnownFileType = sourcecode.swift; path = ApplicationController.swift; sourceTree = "<group>"; };
		E7C0429E1D982B84000A02AB /* ApplicationViewController.swift */ = {isa = PBXFileReference; fileEncoding = 4; lastKnownFileType = sourcecode.swift; path = ApplicationViewController.swift; sourceTree = "<group>"; };
		E7C042A01D982C86000A02AB /* NSError.swift */ = {isa = PBXFileReference; fileEncoding = 4; lastKnownFileType = sourcecode.swift; path = NSError.swift; sourceTree = "<group>"; };
		E7C042A21D982E80000A02AB /* ViewControllerContainer.swift */ = {isa = PBXFileReference; fileEncoding = 4; lastKnownFileType = sourcecode.swift; path = ViewControllerContainer.swift; sourceTree = "<group>"; };
		E7DA2A051D987D1A002F8930 /* Styles.swift */ = {isa = PBXFileReference; fileEncoding = 4; lastKnownFileType = sourcecode.swift; path = Styles.swift; sourceTree = "<group>"; };
		E7DA83941CF2A735001320D2 /* EditProductViewController.swift */ = {isa = PBXFileReference; fileEncoding = 4; lastKnownFileType = sourcecode.swift; path = EditProductViewController.swift; sourceTree = "<group>"; };
		E7DA83961CF2AA23001320D2 /* Product.swift */ = {isa = PBXFileReference; fileEncoding = 4; lastKnownFileType = sourcecode.swift; path = Product.swift; sourceTree = "<group>"; };
		E7DA83981CF2AA4B001320D2 /* Modelable.swift */ = {isa = PBXFileReference; fileEncoding = 4; lastKnownFileType = sourcecode.swift; path = Modelable.swift; sourceTree = "<group>"; };
		E7DA839A1CF2B037001320D2 /* Encodable.swift */ = {isa = PBXFileReference; fileEncoding = 4; lastKnownFileType = sourcecode.swift; path = Encodable.swift; sourceTree = "<group>"; };
		E7DA839C1CF2B388001320D2 /* ProductsTableViewController.swift */ = {isa = PBXFileReference; fileEncoding = 4; lastKnownFileType = sourcecode.swift; path = ProductsTableViewController.swift; sourceTree = "<group>"; };
		E7DA839E1CF2D606001320D2 /* ProductViewController.swift */ = {isa = PBXFileReference; fileEncoding = 4; lastKnownFileType = sourcecode.swift; path = ProductViewController.swift; sourceTree = "<group>"; };
		E7EA96D71CFCA9A6008B47D4 /* OrderFlow.storyboard */ = {isa = PBXFileReference; fileEncoding = 4; lastKnownFileType = file.storyboard; path = OrderFlow.storyboard; sourceTree = "<group>"; };
		E7EA96D91CFCC718008B47D4 /* Timestampable.swift */ = {isa = PBXFileReference; fileEncoding = 4; lastKnownFileType = sourcecode.swift; path = Timestampable.swift; sourceTree = "<group>"; };
		E7EA96DB1CFCCA9E008B47D4 /* NSDate.swift */ = {isa = PBXFileReference; fileEncoding = 4; lastKnownFileType = sourcecode.swift; path = NSDate.swift; sourceTree = "<group>"; };
		E7EA96DD1CFCCABA008B47D4 /* Timestamps.swift */ = {isa = PBXFileReference; fileEncoding = 4; lastKnownFileType = sourcecode.swift; path = Timestamps.swift; sourceTree = "<group>"; };
		E7EA96E01CFCD06D008B47D4 /* Environment.swift */ = {isa = PBXFileReference; fileEncoding = 4; lastKnownFileType = sourcecode.swift; path = Environment.swift; sourceTree = "<group>"; };
		E7EB3BD51D8CC10E007A463B /* Query.swift */ = {isa = PBXFileReference; fileEncoding = 4; lastKnownFileType = sourcecode.swift; path = Query.swift; sourceTree = "<group>"; };
		E7EB3BD71D8CC5B3007A463B /* OrdersQuery.swift */ = {isa = PBXFileReference; fileEncoding = 4; lastKnownFileType = sourcecode.swift; path = OrdersQuery.swift; sourceTree = "<group>"; };
		E7EB3BD91D8CC838007A463B /* PublicUsersQuery.swift */ = {isa = PBXFileReference; fileEncoding = 4; lastKnownFileType = sourcecode.swift; path = PublicUsersQuery.swift; sourceTree = "<group>"; };
		E7EB3BDB1D8CC8B5007A463B /* UserQuery.swift */ = {isa = PBXFileReference; fileEncoding = 4; lastKnownFileType = sourcecode.swift; path = UserQuery.swift; sourceTree = "<group>"; };
		E7EB3BDD1D8CC936007A463B /* ProductQuery.swift */ = {isa = PBXFileReference; fileEncoding = 4; lastKnownFileType = sourcecode.swift; path = ProductQuery.swift; sourceTree = "<group>"; };
		E7EB3BDF1D8CC9F8007A463B /* ProductsQuery.swift */ = {isa = PBXFileReference; fileEncoding = 4; lastKnownFileType = sourcecode.swift; path = ProductsQuery.swift; sourceTree = "<group>"; };
		E7EB3BE31D8E1F30007A463B /* PublicUserQuery.swift */ = {isa = PBXFileReference; fileEncoding = 4; lastKnownFileType = sourcecode.swift; path = PublicUserQuery.swift; sourceTree = "<group>"; };
		EFDB3D4EB5EF167B9E1FB228 /* Pods_Inventry.framework */ = {isa = PBXFileReference; explicitFileType = wrapper.framework; includeInIndex = 0; path = Pods_Inventry.framework; sourceTree = BUILT_PRODUCTS_DIR; };
		F455F480F9A35395CB1D85A7 /* Images.xcassets */ = {isa = PBXFileReference; includeInIndex = 1; lastKnownFileType = folder.assetcatalog; path = Images.xcassets; sourceTree = "<group>"; };
		F60E73EFEB8C37CE4B6B4CA8 /* Settings.bundle */ = {isa = PBXFileReference; includeInIndex = 1; lastKnownFileType = "wrapper.plug-in"; path = Settings.bundle; sourceTree = "<group>"; };
/* End PBXFileReference section */

/* Begin PBXFrameworksBuildPhase section */
		7EDDAB4D8A5280D7A986FE04 /* Frameworks */ = {
			isa = PBXFrameworksBuildPhase;
			buildActionMask = 2147483647;
			files = (
				C970F6E8A7CCADAF1562B6F4 /* Pods_unit_tests_UnitTests.framework in Frameworks */,
			);
			runOnlyForDeploymentPostprocessing = 0;
		};
		CDAE3F913C5672A57518AFA9 /* Frameworks */ = {
			isa = PBXFrameworksBuildPhase;
			buildActionMask = 2147483647;
			files = (
				D003D3296CB33C061D68C18F /* Foundation.framework in Frameworks */,
				A450CDE52A985A8F7C85D073 /* Pods_Inventry.framework in Frameworks */,
			);
			runOnlyForDeploymentPostprocessing = 0;
		};
/* End PBXFrameworksBuildPhase section */

/* Begin PBXGroup section */
		0B3160C019DC44225E44C739 = {
			isa = PBXGroup;
			children = (
				D4D7E3CD78F68A757D2B07E0 /* Inventry */,
				A08FDBE6C6C4A403C4F019A2 /* UnitTests */,
				A4430C81E009E218B8653A26 /* Frameworks */,
				65CD482A765FB0A25B5E67C3 /* Products */,
				6D86D5D8E7E4F0B13305D9CE /* Pods */,
			);
			indentWidth = 2;
			sourceTree = "<group>";
			tabWidth = 2;
			usesTabs = 0;
		};
		172A0CB83BA56B97CF1E0CE4 /* Resources */ = {
			isa = PBXGroup;
			children = (
				F455F480F9A35395CB1D85A7 /* Images.xcassets */,
				6DFAF1D80A08F5436C35B7CA /* Storyboards */,
				7ED66EA7F38FE15E3DA98C47 /* Nibs */,
				F1ED501A1A9E01ADA49EB998 /* Other-Sources */,
				F60E73EFEB8C37CE4B6B4CA8 /* Settings.bundle */,
			);
			path = Resources;
			sourceTree = "<group>";
		};
		19C28C881D64075BE73EFF30 /* ViewModels */ = {
			isa = PBXGroup;
			children = (
				E7B7C91D1CFB57AA0019BA0D /* OrderViewModel.swift */,
				E718E2021CFBA1F70086E2C4 /* LineItemViewModel.swift */,
			);
			path = ViewModels;
			sourceTree = "<group>";
		};
		4683E34364B0C5063EA27A1C /* Views */ = {
			isa = PBXGroup;
			children = (
				E7B7C9111CFA4EF10019BA0D /* SelectProductTableViewCell.swift */,
				E718E1F21CFB67B80086E2C4 /* OrderReviewTableViewCell.swift */,
				E718E1F81CFB82240086E2C4 /* FormTextFieldTableViewCell.swift */,
				E718E2001CFB9DE20086E2C4 /* OrderSummaryTableViewCell.swift */,
				E718E20A1CFBDF560086E2C4 /* CreditCardTableViewCell.swift */,
			);
			path = Views;
			sourceTree = "<group>";
		};
		569DC04AB8F37C79A52AE3AF /* Models */ = {
			isa = PBXGroup;
			children = (
				E7B7C9041CFA10870019BA0D /* Charge.swift */,
				E7B7C9081CFA15240019BA0D /* Currency.swift */,
				E7B7C90A1CFA265E0019BA0D /* Customer.swift */,
				E7444C6E1CF4A433006D7159 /* Database.swift */,
				E7444C801CF8C1BF006D7159 /* LineItem.swift */,
				E7444C741CF608EB006D7159 /* Order.swift */,
				E7B7C9061CFA11AD0019BA0D /* OrderProcessor.swift */,
				E7B7C8F11CF9EC220019BA0D /* PaymentProvider.swift */,
				E7B7C90F1CFA47160019BA0D /* PriceFormatter.swift */,
				E7DA83961CF2AA23001320D2 /* Product.swift */,
				E718E2061CFBB2390086E2C4 /* Config.swift */,
				E7EA96DD1CFCCABA008B47D4 /* Timestamps.swift */,
				E7005CE21CFCFDAE00B88483 /* DateFormatter.swift */,
				E72D66511CFFF3A10097FEB5 /* User.swift */,
				E72000121D036617009BAF12 /* Analytics.swift */,
				E72000201D03CF06009BAF12 /* StripeConnectAccount.swift */,
				E73B3E131D7DF593001C19B5 /* PublicUser.swift */,
				E72B55E01D9FFD37004C0344 /* List.swift */,
			);
			path = Models;
			sourceTree = "<group>";
		};
		5F8AD8B933024B24B6994CD7 /* Protocols */ = {
			isa = PBXGroup;
			children = (
				E7DA839A1CF2B037001320D2 /* Encodable.swift */,
				E7DA83981CF2AA4B001320D2 /* Modelable.swift */,
				E7B7C9151CFA77510019BA0D /* FIRNestedArray.swift */,
				E7EA96D91CFCC718008B47D4 /* Timestampable.swift */,
				E7C042A21D982E80000A02AB /* ViewControllerContainer.swift */,
			);
			path = Protocols;
			sourceTree = "<group>";
		};
		65CD482A765FB0A25B5E67C3 /* Products */ = {
			isa = PBXGroup;
			children = (
				8DF1A6AE3F805647E02896FE /* Inventry.app */,
				01945511DF8B7EDB6A9A3BD7 /* UnitTests.xctest */,
			);
			name = Products;
			sourceTree = "<group>";
		};
		6D86D5D8E7E4F0B13305D9CE /* Pods */ = {
			isa = PBXGroup;
			children = (
				6454E556A2A2CE34327F1EFF /* Pods-Inventry.release.xcconfig */,
				C56AF8F3F8FCAEC42E5CF8AA /* Pods-Inventry.debug.xcconfig */,
				44585C4170BCF74D3D59D36F /* Pods-unit_tests-UnitTests.release.xcconfig */,
				A4D8A459E3D7E443179387B8 /* Pods-unit_tests-UnitTests.debug.xcconfig */,
			);
			name = Pods;
			sourceTree = "<group>";
		};
		6DFAF1D80A08F5436C35B7CA /* Storyboards */ = {
			isa = PBXGroup;
			children = (
				B13B28C744797DDC027BFDA2 /* Main.storyboard */,
				E7EA96D71CFCA9A6008B47D4 /* OrderFlow.storyboard */,
				E72000141D038420009BAF12 /* Onboarding.storyboard */,
			);
			path = Storyboards;
			sourceTree = "<group>";
		};
		79059BF56588598CA5EF4F62 /* Controllers */ = {
			isa = PBXGroup;
			children = (
				B7C937EA554B3EA9962016A5 /* AppDelegate.swift */,
				E7B7C91B1CFAA8DB0019BA0D /* AuthenticationController.swift */,
				E7B7C8EF1CF923700019BA0D /* BarcodeScannerViewController.swift */,
				E7DA83941CF2A735001320D2 /* EditProductViewController.swift */,
				E7444C761CF6097C006D7159 /* OrderChooseProductsTableViewController.swift */,
				E7B7C8EB1CF912C70019BA0D /* OrderPaymentViewController.swift */,
				E7B7C8ED1CF91C4B0019BA0D /* OrderReviewViewController.swift */,
				E7444C721CF60812006D7159 /* OrdersTableViewController.swift */,
				E7DA839C1CF2B388001320D2 /* ProductsTableViewController.swift */,
				E7DA839E1CF2D606001320D2 /* ProductViewController.swift */,
				E72000161D0384B6009BAF12 /* StripeAuthenticationController.swift */,
				E720001C1D039D98009BAF12 /* AccountSetupController.swift */,
				E72000221D047DF8009BAF12 /* SettingsViewController.swift */,
				E7C0429C1D982B75000A02AB /* ApplicationController.swift */,
				E7C0429E1D982B84000A02AB /* ApplicationViewController.swift */,
				E72B55DE1D9F0C67004C0344 /* CreateListViewController.swift */,
				E72B55E61DA01897004C0344 /* ListsViewController.swift */,
			);
			path = Controllers;
			sourceTree = "<group>";
		};
		7ED66EA7F38FE15E3DA98C47 /* Nibs */ = {
			isa = PBXGroup;
			children = (
				A8E065678D341C8C9FB3E61A /* LaunchScreen.xib */,
				E718E1FC1CFB843D0086E2C4 /* FormTextFieldTableViewCell.xib */,
			);
			path = Nibs;
			sourceTree = "<group>";
		};
		A08FDBE6C6C4A403C4F019A2 /* UnitTests */ = {
			isa = PBXGroup;
			children = (
				CF6ED3E12660589A1A4714BB /* Resources */,
				F55F64A408597ED4FC6A5054 /* Helpers */,
				CAE0929AC47CCC400F99907D /* Tests */,
			);
			path = UnitTests;
			sourceTree = "<group>";
		};
		A4430C81E009E218B8653A26 /* Frameworks */ = {
			isa = PBXGroup;
			children = (
				A46B373C9CEEBB3E753A79E4 /* iOS */,
				EFDB3D4EB5EF167B9E1FB228 /* Pods_Inventry.framework */,
				A8A8A7B0CBF7990DAC8735DE /* Pods_unit_tests_UnitTests.framework */,
			);
			name = Frameworks;
			sourceTree = "<group>";
		};
		A46B373C9CEEBB3E753A79E4 /* iOS */ = {
			isa = PBXGroup;
			children = (
				A374D0172567CC3A941F0362 /* Foundation.framework */,
			);
			name = iOS;
			sourceTree = "<group>";
		};
		CAE0929AC47CCC400F99907D /* Tests */ = {
			isa = PBXGroup;
			children = (
			);
			path = Tests;
			sourceTree = "<group>";
		};
		CF6ED3E12660589A1A4714BB /* Resources */ = {
			isa = PBXGroup;
			children = (
				CD73A0495055341D53C6214F /* UnitTests-Info.plist */,
			);
			path = Resources;
			sourceTree = "<group>";
		};
		D4D7E3CD78F68A757D2B07E0 /* Inventry */ = {
			isa = PBXGroup;
			children = (
				E7DA2A041D987D00002F8930 /* Globals */,
				E7EB3BD41D8CC0F5007A463B /* Queries */,
				E7005CF41CFDFC1900B88483 /* Actions */,
				E7B7C8FB1CFA07B20019BA0D /* Networking */,
				E8C2B72A211EA864D3A6B68C /* Extensions */,
				5F8AD8B933024B24B6994CD7 /* Protocols */,
				569DC04AB8F37C79A52AE3AF /* Models */,
				19C28C881D64075BE73EFF30 /* ViewModels */,
				79059BF56588598CA5EF4F62 /* Controllers */,
				4683E34364B0C5063EA27A1C /* Views */,
				172A0CB83BA56B97CF1E0CE4 /* Resources */,
				E7EA96E01CFCD06D008B47D4 /* Environment.swift */,
				E7005CEE1CFDF76E00B88483 /* Store.swift */,
				E7005CF01CFDF77700B88483 /* AppState.swift */,
				E72D66481CFFDF120097FEB5 /* Getters.swift */,
				E72000241D04954D009BAF12 /* Inventry-Bridging-Header.h */,
			);
			path = Inventry;
			sourceTree = "<group>";
		};
		E7005CF41CFDFC1900B88483 /* Actions */ = {
			isa = PBXGroup;
			children = (
				E72D664C1CFFF2BB0097FEB5 /* Database */,
				E7005CF51CFDFC4B00B88483 /* IncrementCurrentOrder.swift */,
				E7005CF71CFDFCFD00B88483 /* AddToCurrentOrder.swift */,
				E7005CF91CFDFD9400B88483 /* DecrementFromCurrentOrder.swift */,
				E7005CFB1CFDFE0200B88483 /* RemoveFromCurrentOrder.swift */,
				E7005CFF1CFF380E00B88483 /* ResetCurrentOrder.swift */,
				E7005D011CFF397400B88483 /* UpdateCurrentOrder.swift */,
				E7005D031CFF3DA300B88483 /* UpdateCurrentOrderCustomer.swift */,
				E72D664A1CFFE2490097FEB5 /* SetOrder.swift */,
				E7C042981D9815FA000A02AB /* UpdateAuthFIRUser.swift */,
				E7C0429A1D981604000A02AB /* UpdateAuthUser.swift */,
			);
			path = Actions;
			sourceTree = "<group>";
		};
		E72D664C1CFFF2BB0097FEB5 /* Database */ = {
			isa = PBXGroup;
			children = (
				E72D664F1CFFF36E0097FEB5 /* CreateUser.swift */,
				E72D66531CFFFED20097FEB5 /* SaveProduct.swift */,
				E72D66581D01D9B30097FEB5 /* SaveOrder.swift */,
				E72000101D035E90009BAF12 /* DeleteProduct.swift */,
				E73B3E151D7DFBD0001C19B5 /* ToggleInventoryPartner.swift */,
				E72B55E21D9FFEFD004C0344 /* CreateList.swift */,
				E72B55E81DA13C8E004C0344 /* DeleteList.swift */,
			);
			path = Database;
			sourceTree = "<group>";
		};
		E7B7C8FB1CFA07B20019BA0D /* Networking */ = {
			isa = PBXGroup;
			children = (
				E7B7C8FC1CFA07C40019BA0D /* ProcessPaymentRequest.swift */,
				E7B7C9001CFA096C0019BA0D /* RequestFactory.swift */,
			);
			path = Networking;
			sourceTree = "<group>";
		};
		E7DA2A041D987D00002F8930 /* Globals */ = {
			isa = PBXGroup;
			children = (
				E7DA2A051D987D1A002F8930 /* Styles.swift */,
			);
			path = Globals;
			sourceTree = "<group>";
		};
		E7EB3BD41D8CC0F5007A463B /* Queries */ = {
			isa = PBXGroup;
			children = (
				E7EB3BD51D8CC10E007A463B /* Query.swift */,
				E7EB3BD71D8CC5B3007A463B /* OrdersQuery.swift */,
				E7EB3BD91D8CC838007A463B /* PublicUsersQuery.swift */,
				E7EB3BDB1D8CC8B5007A463B /* UserQuery.swift */,
				E7EB3BDD1D8CC936007A463B /* ProductQuery.swift */,
				E7EB3BDF1D8CC9F8007A463B /* ProductsQuery.swift */,
				E7EB3BE31D8E1F30007A463B /* PublicUserQuery.swift */,
				E72B55E41DA013BC004C0344 /* ListsQuery.swift */,
			);
			path = Queries;
			sourceTree = "<group>";
		};
		E8C2B72A211EA864D3A6B68C /* Extensions */ = {
			isa = PBXGroup;
			children = (
				E7444C701CF4AD4B006D7159 /* Firebase.swift */,
				E7444C821CF8E26E006D7159 /* Swift.swift */,
				E7B7C9021CFA0A900019BA0D /* Swish.swift */,
				E7B7C9131CFA69100019BA0D /* Argo.swift */,
				E718E2081CFBD8530086E2C4 /* Storyboard.swift */,
				E718E20C1CFBE5B00086E2C4 /* UINavigationItem.swift */,
				E7EA96DB1CFCCA9E008B47D4 /* NSDate.swift */,
				E7005CE81CFD4AC500B88483 /* UIAlertViewController.swift */,
				E7005CEA1CFD52F400B88483 /* UIColor.swift */,
				E7005CF21CFDF78100B88483 /* RxSwift.swift */,
				E7A57F691D919DC400729640 /* Dictionary.swift */,
				E7C042A01D982C86000A02AB /* NSError.swift */,
			);
			path = Extensions;
			sourceTree = "<group>";
		};
		F1ED501A1A9E01ADA49EB998 /* Other-Sources */ = {
			isa = PBXGroup;
			children = (
				E7A57F681D91815A00729640 /* Inventry.entitlements */,
				825F635CF5FEF774B0E62269 /* Info.plist */,
				E70AEC7B1CF295BB00778A4D /* GoogleService-Info.plist */,
				E718E2041CFBAEE60086E2C4 /* RemoteConfigDefaults.plist */,
			);
			path = "Other-Sources";
			sourceTree = "<group>";
		};
		F55F64A408597ED4FC6A5054 /* Helpers */ = {
			isa = PBXGroup;
			children = (
			);
			path = Helpers;
			sourceTree = "<group>";
		};
/* End PBXGroup section */

/* Begin PBXNativeTarget section */
		3F4F57E2360E3B04D13DAE04 /* UnitTests */ = {
			isa = PBXNativeTarget;
			buildConfigurationList = 1505D4B07876CAFA554868DB /* Build configuration list for PBXNativeTarget "UnitTests" */;
			buildPhases = (
				90585689F90F803087F1644D /* [CP] Check Pods Manifest.lock */,
				CEBF10A9D9E7FC385687CC4D /* Sources */,
				7EDDAB4D8A5280D7A986FE04 /* Frameworks */,
				C6207C44AAFA72426D370EE0 /* Resources */,
				270A194465233A6CE266C55C /* [CP] Embed Pods Frameworks */,
				5A44B7B0C4CCA0D79ACE692D /* [CP] Copy Pods Resources */,
			);
			buildRules = (
			);
			dependencies = (
				2FB61045E8BE8C8B4980160E /* PBXTargetDependency */,
			);
			name = UnitTests;
			productName = UnitTests;
			productReference = 01945511DF8B7EDB6A9A3BD7 /* UnitTests.xctest */;
			productType = "com.apple.product-type.bundle.unit-test";
		};
		9538D368E3240AF8C15983C3 /* Inventry */ = {
			isa = PBXNativeTarget;
			buildConfigurationList = 0CEC5E73802D5DBE9BB80432 /* Build configuration list for PBXNativeTarget "Inventry" */;
			buildPhases = (
				0D10D394DB850F3331E4196C /* [CP] Check Pods Manifest.lock */,
				BB707A956A9A056D8C68FDD1 /* Sources */,
				CDAE3F913C5672A57518AFA9 /* Frameworks */,
				42224315C1C0BD1739D842EC /* Resources */,
				0D326D042035CA87F050CC55 /* Warn for TODO and FIXME comments */,
				FC828C4691A4A9E4E8DA528D /* [CP] Embed Pods Frameworks */,
				AE189F17D6FE72C327A2EF82 /* [CP] Copy Pods Resources */,
				E7F73E371D9D613D002E6C0B /* Firebase Config */,
			);
			buildRules = (
			);
			dependencies = (
			);
			name = Inventry;
			productName = Inventry;
			productReference = 8DF1A6AE3F805647E02896FE /* Inventry.app */;
			productType = "com.apple.product-type.application";
		};
/* End PBXNativeTarget section */

/* Begin PBXProject section */
		02FF97DFB90B629914DDDCCE /* Project object */ = {
			isa = PBXProject;
			attributes = {
				CLASSPREFIX = "";
				LastSwiftUpdateCheck = 0730;
				LastUpgradeCheck = 0800;
				ORGANIZATIONNAME = Inventry;
				TargetAttributes = {
					9538D368E3240AF8C15983C3 = {
						DevelopmentTeam = H9UWK47P56;
						LastSwiftMigration = 0800;
						ProvisioningStyle = Automatic;
						SystemCapabilities = {
							com.apple.Keychain = {
								enabled = 1;
							};
						};
					};
				};
			};
			buildConfigurationList = B4191F7C300742873C884955 /* Build configuration list for PBXProject "Inventry" */;
			compatibilityVersion = "Xcode 3.2";
			developmentRegion = English;
			hasScannedForEncodings = 0;
			knownRegions = (
				en,
			);
			mainGroup = 0B3160C019DC44225E44C739;
			productRefGroup = 65CD482A765FB0A25B5E67C3 /* Products */;
			projectDirPath = "";
			projectRoot = "";
			targets = (
				9538D368E3240AF8C15983C3 /* Inventry */,
				3F4F57E2360E3B04D13DAE04 /* UnitTests */,
			);
		};
/* End PBXProject section */

/* Begin PBXResourcesBuildPhase section */
		42224315C1C0BD1739D842EC /* Resources */ = {
			isa = PBXResourcesBuildPhase;
			buildActionMask = 2147483647;
			files = (
				DD4A44012FC6D312E507D63A /* Images.xcassets in Resources */,
				E718E2051CFBAEE60086E2C4 /* RemoteConfigDefaults.plist in Resources */,
				8652EA4EDC3DA5729678D2C7 /* Main.storyboard in Resources */,
				E70AEC7C1CF295BB00778A4D /* GoogleService-Info.plist in Resources */,
				95461CD5D4A9B40E33EF27D4 /* LaunchScreen.xib in Resources */,
				BB78E846142B27596595A81D /* Settings.bundle in Resources */,
				E72000151D038420009BAF12 /* Onboarding.storyboard in Resources */,
				E718E1FD1CFB843D0086E2C4 /* FormTextFieldTableViewCell.xib in Resources */,
				E7EA96D81CFCA9A6008B47D4 /* OrderFlow.storyboard in Resources */,
			);
			runOnlyForDeploymentPostprocessing = 0;
		};
		C6207C44AAFA72426D370EE0 /* Resources */ = {
			isa = PBXResourcesBuildPhase;
			buildActionMask = 2147483647;
			files = (
			);
			runOnlyForDeploymentPostprocessing = 0;
		};
/* End PBXResourcesBuildPhase section */

/* Begin PBXShellScriptBuildPhase section */
		0D10D394DB850F3331E4196C /* [CP] Check Pods Manifest.lock */ = {
			isa = PBXShellScriptBuildPhase;
			buildActionMask = 2147483647;
			files = (
			);
			inputPaths = (
			);
			name = "[CP] Check Pods Manifest.lock";
			outputPaths = (
			);
			runOnlyForDeploymentPostprocessing = 0;
			shellPath = /bin/sh;
			shellScript = "diff \"${PODS_ROOT}/../Podfile.lock\" \"${PODS_ROOT}/Manifest.lock\" > /dev/null\nif [ $? != 0 ] ; then\n    # print error to STDERR\n    echo \"error: The sandbox is not in sync with the Podfile.lock. Run 'pod install' or update your CocoaPods installation.\" >&2\n    exit 1\nfi\n";
			showEnvVarsInLog = 0;
		};
		0D326D042035CA87F050CC55 /* Warn for TODO and FIXME comments */ = {
			isa = PBXShellScriptBuildPhase;
			buildActionMask = 2147483647;
			files = (
			);
			inputPaths = (
			);
			name = "Warn for TODO and FIXME comments";
			outputPaths = (
			);
			runOnlyForDeploymentPostprocessing = 0;
			shellPath = /bin/sh;
			shellScript = "KEYWORDS=\"TODO:|FIXME:|\\?\\?\\?:|\\!\\!\\!:\"\nFILE_EXTENSIONS=\"swift|h|m|mm|c|cpp\"\nfind -E \"${SRCROOT}\" -ipath \"${SRCROOT}/Carthage\" -o -ipath \"${SRCROOT}/pods\" -prune -o \\( -regex \".*\\.($FILE_EXTENSIONS)$\" \\) -print0 | xargs -0 egrep --with-filename --line-number --only-matching \"($KEYWORDS).*\\$\" | perl -p -e \"s/($KEYWORDS)/ warning: \\$1/\"\n";
		};
		270A194465233A6CE266C55C /* [CP] Embed Pods Frameworks */ = {
			isa = PBXShellScriptBuildPhase;
			buildActionMask = 2147483647;
			files = (
			);
			inputPaths = (
			);
			name = "[CP] Embed Pods Frameworks";
			outputPaths = (
			);
			runOnlyForDeploymentPostprocessing = 0;
			shellPath = /bin/sh;
			shellScript = "\"${SRCROOT}/Pods/Target Support Files/Pods-unit_tests-UnitTests/Pods-unit_tests-UnitTests-frameworks.sh\"\n";
			showEnvVarsInLog = 0;
		};
		5A44B7B0C4CCA0D79ACE692D /* [CP] Copy Pods Resources */ = {
			isa = PBXShellScriptBuildPhase;
			buildActionMask = 2147483647;
			files = (
			);
			inputPaths = (
			);
			name = "[CP] Copy Pods Resources";
			outputPaths = (
			);
			runOnlyForDeploymentPostprocessing = 0;
			shellPath = /bin/sh;
			shellScript = "\"${SRCROOT}/Pods/Target Support Files/Pods-unit_tests-UnitTests/Pods-unit_tests-UnitTests-resources.sh\"\n";
			showEnvVarsInLog = 0;
		};
		90585689F90F803087F1644D /* [CP] Check Pods Manifest.lock */ = {
			isa = PBXShellScriptBuildPhase;
			buildActionMask = 2147483647;
			files = (
			);
			inputPaths = (
			);
			name = "[CP] Check Pods Manifest.lock";
			outputPaths = (
			);
			runOnlyForDeploymentPostprocessing = 0;
			shellPath = /bin/sh;
			shellScript = "diff \"${PODS_ROOT}/../Podfile.lock\" \"${PODS_ROOT}/Manifest.lock\" > /dev/null\nif [ $? != 0 ] ; then\n    # print error to STDERR\n    echo \"error: The sandbox is not in sync with the Podfile.lock. Run 'pod install' or update your CocoaPods installation.\" >&2\n    exit 1\nfi\n";
			showEnvVarsInLog = 0;
		};
		AE189F17D6FE72C327A2EF82 /* [CP] Copy Pods Resources */ = {
			isa = PBXShellScriptBuildPhase;
			buildActionMask = 2147483647;
			files = (
			);
			inputPaths = (
			);
			name = "[CP] Copy Pods Resources";
			outputPaths = (
			);
			runOnlyForDeploymentPostprocessing = 0;
			shellPath = /bin/sh;
			shellScript = "\"${SRCROOT}/Pods/Target Support Files/Pods-Inventry/Pods-Inventry-resources.sh\"\n";
			showEnvVarsInLog = 0;
		};
		E7F73E371D9D613D002E6C0B /* Firebase Config */ = {
			isa = PBXShellScriptBuildPhase;
			buildActionMask = 2147483647;
			files = (
			);
			inputPaths = (
			);
			name = "Firebase Config";
			outputPaths = (
			);
			runOnlyForDeploymentPostprocessing = 0;
			shellPath = /bin/sh;
			shellScript = bin/firebase_config;
		};
		FC828C4691A4A9E4E8DA528D /* [CP] Embed Pods Frameworks */ = {
			isa = PBXShellScriptBuildPhase;
			buildActionMask = 2147483647;
			files = (
			);
			inputPaths = (
			);
			name = "[CP] Embed Pods Frameworks";
			outputPaths = (
			);
			runOnlyForDeploymentPostprocessing = 0;
			shellPath = /bin/sh;
			shellScript = "\"${SRCROOT}/Pods/Target Support Files/Pods-Inventry/Pods-Inventry-frameworks.sh\"\n";
			showEnvVarsInLog = 0;
		};
/* End PBXShellScriptBuildPhase section */

/* Begin PBXSourcesBuildPhase section */
		BB707A956A9A056D8C68FDD1 /* Sources */ = {
			isa = PBXSourcesBuildPhase;
			buildActionMask = 2147483647;
			files = (
				E72D664B1CFFE2490097FEB5 /* SetOrder.swift in Sources */,
				E7444C731CF60812006D7159 /* OrdersTableViewController.swift in Sources */,
				E7DA83991CF2AA4B001320D2 /* Modelable.swift in Sources */,
				E7EB3BDC1D8CC8B5007A463B /* UserQuery.swift in Sources */,
				E7B7C9051CFA10870019BA0D /* Charge.swift in Sources */,
				E7B7C91E1CFB57AA0019BA0D /* OrderViewModel.swift in Sources */,
				E7B7C91C1CFAA8DB0019BA0D /* AuthenticationController.swift in Sources */,
				E72000111D035E90009BAF12 /* DeleteProduct.swift in Sources */,
				E7EA96E11CFCD06D008B47D4 /* Environment.swift in Sources */,
				E7005CF81CFDFCFD00B88483 /* AddToCurrentOrder.swift in Sources */,
				E72B55E71DA01897004C0344 /* ListsViewController.swift in Sources */,
				E7EB3BE01D8CC9F8007A463B /* ProductsQuery.swift in Sources */,
				E718E2011CFB9DE20086E2C4 /* OrderSummaryTableViewCell.swift in Sources */,
				E7B7C9161CFA77510019BA0D /* FIRNestedArray.swift in Sources */,
				E72B55E51DA013BC004C0344 /* ListsQuery.swift in Sources */,
				E72000231D047DF8009BAF12 /* SettingsViewController.swift in Sources */,
				E7005D001CFF380E00B88483 /* ResetCurrentOrder.swift in Sources */,
				E7EB3BE41D8E1F30007A463B /* PublicUserQuery.swift in Sources */,
				E7DA839D1CF2B388001320D2 /* ProductsTableViewController.swift in Sources */,
				E7005CF61CFDFC4B00B88483 /* IncrementCurrentOrder.swift in Sources */,
				E7C0429B1D981604000A02AB /* UpdateAuthUser.swift in Sources */,
				E7B7C9031CFA0A900019BA0D /* Swish.swift in Sources */,
				E7C042A11D982C86000A02AB /* NSError.swift in Sources */,
				E7C0429F1D982B84000A02AB /* ApplicationViewController.swift in Sources */,
				E718E2031CFBA1F70086E2C4 /* LineItemViewModel.swift in Sources */,
				E72000171D0384B6009BAF12 /* StripeAuthenticationController.swift in Sources */,
				E72D66491CFFDF120097FEB5 /* Getters.swift in Sources */,
				E7444C811CF8C1BF006D7159 /* LineItem.swift in Sources */,
				E720001D1D039D98009BAF12 /* AccountSetupController.swift in Sources */,
				E7B7C9141CFA69100019BA0D /* Argo.swift in Sources */,
				E718E1F31CFB67B80086E2C4 /* OrderReviewTableViewCell.swift in Sources */,
				E0D41171D9688D0E4132CD70 /* AppDelegate.swift in Sources */,
				E7005CE91CFD4AC500B88483 /* UIAlertViewController.swift in Sources */,
				E7005CEF1CFDF76E00B88483 /* Store.swift in Sources */,
				E718E20B1CFBDF560086E2C4 /* CreditCardTableViewCell.swift in Sources */,
				E72D66591D01D9B30097FEB5 /* SaveOrder.swift in Sources */,
				E7005D021CFF397400B88483 /* UpdateCurrentOrder.swift in Sources */,
				E72D66501CFFF36E0097FEB5 /* CreateUser.swift in Sources */,
				E7005CE31CFCFDAE00B88483 /* DateFormatter.swift in Sources */,
				E7B7C8EC1CF912C70019BA0D /* OrderPaymentViewController.swift in Sources */,
				E7444C751CF608EB006D7159 /* Order.swift in Sources */,
				E72B55DF1D9F0C67004C0344 /* CreateListViewController.swift in Sources */,
				E7DA839F1CF2D606001320D2 /* ProductViewController.swift in Sources */,
				E7B7C9101CFA47160019BA0D /* PriceFormatter.swift in Sources */,
				E7C042991D9815FA000A02AB /* UpdateAuthFIRUser.swift in Sources */,
				E718E20D1CFBE5B00086E2C4 /* UINavigationItem.swift in Sources */,
				E718E2091CFBD8530086E2C4 /* Storyboard.swift in Sources */,
				E72B55E31D9FFEFD004C0344 /* CreateList.swift in Sources */,
				E7B7C9121CFA4EF10019BA0D /* SelectProductTableViewCell.swift in Sources */,
				E72D66541CFFFED20097FEB5 /* SaveProduct.swift in Sources */,
				E7EA96DA1CFCC718008B47D4 /* Timestampable.swift in Sources */,
				E7EB3BD81D8CC5B3007A463B /* OrdersQuery.swift in Sources */,
				E7005CF11CFDF77700B88483 /* AppState.swift in Sources */,
				E7EB3BDA1D8CC838007A463B /* PublicUsersQuery.swift in Sources */,
				E718E1F91CFB82240086E2C4 /* FormTextFieldTableViewCell.swift in Sources */,
				E7EB3BDE1D8CC936007A463B /* ProductQuery.swift in Sources */,
				E7B7C8EE1CF91C4B0019BA0D /* OrderReviewViewController.swift in Sources */,
				E7A57F6A1D919DC400729640 /* Dictionary.swift in Sources */,
				E7B7C8FD1CFA07C40019BA0D /* ProcessPaymentRequest.swift in Sources */,
				E7EA96DC1CFCCA9E008B47D4 /* NSDate.swift in Sources */,
				E72D66521CFFF3A10097FEB5 /* User.swift in Sources */,
				E72B55E11D9FFD37004C0344 /* List.swift in Sources */,
				E7B7C9091CFA15240019BA0D /* Currency.swift in Sources */,
				E7DA83951CF2A735001320D2 /* EditProductViewController.swift in Sources */,
				E7B7C8F01CF923700019BA0D /* BarcodeScannerViewController.swift in Sources */,
				E7005CEB1CFD52F400B88483 /* UIColor.swift in Sources */,
				E72B55E91DA13C8E004C0344 /* DeleteList.swift in Sources */,
				E72000131D036617009BAF12 /* Analytics.swift in Sources */,
				E7005D041CFF3DA300B88483 /* UpdateCurrentOrderCustomer.swift in Sources */,
				E7DA83971CF2AA23001320D2 /* Product.swift in Sources */,
				E7005CF31CFDF78100B88483 /* RxSwift.swift in Sources */,
				E7444C711CF4AD4B006D7159 /* Firebase.swift in Sources */,
				E7005CFC1CFDFE0200B88483 /* RemoveFromCurrentOrder.swift in Sources */,
				E7B7C8F21CF9EC220019BA0D /* PaymentProvider.swift in Sources */,
				E7444C6F1CF4A433006D7159 /* Database.swift in Sources */,
				E718E2071CFBB2390086E2C4 /* Config.swift in Sources */,
				E7B7C9071CFA11AD0019BA0D /* OrderProcessor.swift in Sources */,
				E7B7C9011CFA096C0019BA0D /* RequestFactory.swift in Sources */,
				E73B3E141D7DF593001C19B5 /* PublicUser.swift in Sources */,
				E7B7C90B1CFA265E0019BA0D /* Customer.swift in Sources */,
				E7EA96DE1CFCCABA008B47D4 /* Timestamps.swift in Sources */,
				E72000211D03CF06009BAF12 /* StripeConnectAccount.swift in Sources */,
				E7DA2A061D987D1A002F8930 /* Styles.swift in Sources */,
				E7EB3BD61D8CC10E007A463B /* Query.swift in Sources */,
				E7DA839B1CF2B037001320D2 /* Encodable.swift in Sources */,
				E7C042A31D982E80000A02AB /* ViewControllerContainer.swift in Sources */,
				E7444C771CF6097C006D7159 /* OrderChooseProductsTableViewController.swift in Sources */,
				E7444C831CF8E26E006D7159 /* Swift.swift in Sources */,
				E7C0429D1D982B75000A02AB /* ApplicationController.swift in Sources */,
				E7005CFA1CFDFD9400B88483 /* DecrementFromCurrentOrder.swift in Sources */,
				E73B3E161D7DFBD0001C19B5 /* ToggleInventoryPartner.swift in Sources */,
			);
			runOnlyForDeploymentPostprocessing = 0;
		};
		CEBF10A9D9E7FC385687CC4D /* Sources */ = {
			isa = PBXSourcesBuildPhase;
			buildActionMask = 2147483647;
			files = (
			);
			runOnlyForDeploymentPostprocessing = 0;
		};
/* End PBXSourcesBuildPhase section */

/* Begin PBXTargetDependency section */
		2FB61045E8BE8C8B4980160E /* PBXTargetDependency */ = {
			isa = PBXTargetDependency;
			name = Inventry;
			target = 9538D368E3240AF8C15983C3 /* Inventry */;
			targetProxy = FCDACEA02FC5DB4E537F686E /* PBXContainerItemProxy */;
		};
/* End PBXTargetDependency section */

/* Begin XCBuildConfiguration section */
		11CF9B485BD9520E66B900E6 /* Release */ = {
			isa = XCBuildConfiguration;
			buildSettings = {
				ALWAYS_SEARCH_USER_PATHS = NO;
				ASSETCATALOG_COMPILER_APPICON_NAME = AppIcon;
				CLANG_CXX_LANGUAGE_STANDARD = "gnu++0x";
				CLANG_CXX_LIBRARY = "libc++";
				CLANG_ENABLE_MODULES = YES;
				CLANG_ENABLE_OBJC_ARC = YES;
				CLANG_WARN_BOOL_CONVERSION = YES;
				CLANG_WARN_CONSTANT_CONVERSION = YES;
				CLANG_WARN_DEPRECATED_OBJC_IMPLEMENTATIONS = YES;
				CLANG_WARN_DIRECT_OBJC_ISA_USAGE = YES;
				CLANG_WARN_EMPTY_BODY = YES;
				CLANG_WARN_ENUM_CONVERSION = YES;
				CLANG_WARN_IMPLICIT_SIGN_CONVERSION = YES;
				CLANG_WARN_INFINITE_RECURSION = YES;
				CLANG_WARN_INT_CONVERSION = YES;
				CLANG_WARN_OBJC_IMPLICIT_RETAIN_SELF = YES;
				CLANG_WARN_OBJC_ROOT_CLASS = YES;
				CLANG_WARN_SUSPICIOUS_IMPLICIT_CONVERSION = YES;
				CLANG_WARN_SUSPICIOUS_MOVE = YES;
				CLANG_WARN_UNREACHABLE_CODE = YES;
				CLANG_WARN__DUPLICATE_METHOD_MATCH = YES;
				"CODE_SIGN_IDENTITY[sdk=iphoneos*]" = "iPhone Developer";
				COPY_PHASE_STRIP = YES;
				ENABLE_NS_ASSERTIONS = NO;
				ENABLE_STRICT_OBJC_MSGSEND = YES;
				GCC_C_LANGUAGE_STANDARD = gnu99;
				GCC_NO_COMMON_BLOCKS = YES;
				GCC_WARN_64_TO_32_BIT_CONVERSION = YES;
				GCC_WARN_ABOUT_DEPRECATED_FUNCTIONS = YES;
				GCC_WARN_ABOUT_MISSING_FIELD_INITIALIZERS = YES;
				GCC_WARN_ABOUT_MISSING_NEWLINE = YES;
				GCC_WARN_ABOUT_RETURN_TYPE = YES;
				GCC_WARN_CHECK_SWITCH_STATEMENTS = YES;
				GCC_WARN_INITIALIZER_NOT_FULLY_BRACKETED = YES;
				GCC_WARN_MISSING_PARENTHESES = YES;
				GCC_WARN_SHADOW = YES;
				GCC_WARN_SIGN_COMPARE = YES;
				GCC_WARN_TYPECHECK_CALLS_TO_PRINTF = YES;
				GCC_WARN_UNDECLARED_SELECTOR = YES;
				GCC_WARN_UNINITIALIZED_AUTOS = YES;
				GCC_WARN_UNUSED_FUNCTION = YES;
				GCC_WARN_UNUSED_LABEL = YES;
				GCC_WARN_UNUSED_VALUE = YES;
				GCC_WARN_UNUSED_VARIABLE = YES;
				IPHONEOS_DEPLOYMENT_TARGET = 9.0;
				RUN_CLANG_STATIC_ANALYZER = YES;
				SDKROOT = iphoneos;
				SWIFT_OPTIMIZATION_LEVEL = "-Owholemodule";
				VALIDATE_PRODUCT = YES;
			};
			name = Release;
		};
		7F96E835F99917E849837F0A /* Debug */ = {
			isa = XCBuildConfiguration;
			baseConfigurationReference = A4D8A459E3D7E443179387B8 /* Pods-unit_tests-UnitTests.debug.xcconfig */;
			buildSettings = {
				BUNDLE_LOADER = "$(BUILT_PRODUCTS_DIR)/Inventry.app/Inventry";
				ENABLE_STRICT_OBJC_MSGSEND = YES;
				FRAMEWORK_SEARCH_PATHS = (
					"$(SDKROOT)/Developer/Library/Frameworks",
					"$(inherited)",
					"$(DEVELOPER_FRAMEWORKS_DIR)",
				);
				INFOPLIST_FILE = "UnitTests/Resources/UnitTests-Info.plist";
				PRODUCT_BUNDLE_IDENTIFIER = "com.jakecraige.${PRODUCT_NAME:rfc1034identifier}";
				PRODUCT_NAME = "$(TARGET_NAME)";
				SDKROOT = iphoneos;
				SKIP_INSTALL = YES;
				TEST_HOST = "$(BUNDLE_LOADER)";
				WRAPPER_EXTENSION = xctest;
			};
			name = Debug;
		};
		889AC5410D702C4C8F17D888 /* Release */ = {
			isa = XCBuildConfiguration;
			baseConfigurationReference = 44585C4170BCF74D3D59D36F /* Pods-unit_tests-UnitTests.release.xcconfig */;
			buildSettings = {
				BUNDLE_LOADER = "$(BUILT_PRODUCTS_DIR)/Inventry.app/Inventry";
				ENABLE_STRICT_OBJC_MSGSEND = YES;
				FRAMEWORK_SEARCH_PATHS = (
					"$(SDKROOT)/Developer/Library/Frameworks",
					"$(inherited)",
					"$(DEVELOPER_FRAMEWORKS_DIR)",
				);
				INFOPLIST_FILE = "UnitTests/Resources/UnitTests-Info.plist";
				PRODUCT_BUNDLE_IDENTIFIER = "com.jakecraige.${PRODUCT_NAME:rfc1034identifier}";
				PRODUCT_NAME = "$(TARGET_NAME)";
				SDKROOT = iphoneos;
				SKIP_INSTALL = YES;
				TEST_HOST = "$(BUNDLE_LOADER)";
				WRAPPER_EXTENSION = xctest;
			};
			name = Release;
		};
		9C375D9F7BBC686E74EDD318 /* Release */ = {
			isa = XCBuildConfiguration;
			baseConfigurationReference = 6454E556A2A2CE34327F1EFF /* Pods-Inventry.release.xcconfig */;
			buildSettings = {
				ALWAYS_EMBED_SWIFT_STANDARD_LIBRARIES = YES;
				ASSETCATALOG_COMPILER_APPICON_NAME = AppIcon;
				CLANG_ENABLE_MODULES = YES;
				CODE_SIGN_ENTITLEMENTS = Inventry/Inventry.entitlements;
				"CODE_SIGN_IDENTITY[sdk=iphoneos*]" = "iPhone Developer";
				DEVELOPMENT_TEAM = "";
				ENABLE_STRICT_OBJC_MSGSEND = YES;
				FRAMEWORK_SEARCH_PATHS = "$(inherited)";
				GCC_TREAT_WARNINGS_AS_ERRORS = YES;
				INFOPLIST_FILE = "Inventry/Resources/Other-Sources/Info.plist";
				LD_RUNPATH_SEARCH_PATHS = "$(inherited) @executable_path/Frameworks";
				MTL_ENABLE_DEBUG_INFO = NO;
				OTHER_SWIFT_FLAGS = "$(inherited) \"-D\" \"COCOAPODS\" -D DEBUG";
				PRODUCT_BUNDLE_IDENTIFIER = "com.jakecraige.${PRODUCT_NAME:rfc1034identifier}";
				PRODUCT_NAME = "$(TARGET_NAME)";
				PROVISIONING_PROFILE = "";
				PROVISIONING_PROFILE_SPECIFIER = "";
				SDKROOT = iphoneos;
				SWIFT_OBJC_BRIDGING_HEADER = "Inventry/Inventry-Bridging-Header.h";
				SWIFT_VERSION = 3.0;
			};
			name = Release;
		};
		B86B15C4814A65FCD1FCBBA7 /* Debug */ = {
			isa = XCBuildConfiguration;
			buildSettings = {
				ALWAYS_SEARCH_USER_PATHS = NO;
				ASSETCATALOG_COMPILER_APPICON_NAME = AppIcon;
				CLANG_CXX_LANGUAGE_STANDARD = "gnu++0x";
				CLANG_CXX_LIBRARY = "libc++";
				CLANG_ENABLE_MODULES = YES;
				CLANG_ENABLE_OBJC_ARC = YES;
				CLANG_WARN_BOOL_CONVERSION = YES;
				CLANG_WARN_CONSTANT_CONVERSION = YES;
				CLANG_WARN_DEPRECATED_OBJC_IMPLEMENTATIONS = YES;
				CLANG_WARN_DIRECT_OBJC_ISA_USAGE = YES;
				CLANG_WARN_EMPTY_BODY = YES;
				CLANG_WARN_ENUM_CONVERSION = YES;
				CLANG_WARN_IMPLICIT_SIGN_CONVERSION = YES;
				CLANG_WARN_INFINITE_RECURSION = YES;
				CLANG_WARN_INT_CONVERSION = YES;
				CLANG_WARN_OBJC_IMPLICIT_RETAIN_SELF = YES;
				CLANG_WARN_OBJC_ROOT_CLASS = YES;
				CLANG_WARN_SUSPICIOUS_IMPLICIT_CONVERSION = YES;
				CLANG_WARN_SUSPICIOUS_MOVE = YES;
				CLANG_WARN_UNREACHABLE_CODE = YES;
				CLANG_WARN__DUPLICATE_METHOD_MATCH = YES;
				"CODE_SIGN_IDENTITY[sdk=iphoneos*]" = "iPhone Developer";
				COPY_PHASE_STRIP = NO;
				ENABLE_STRICT_OBJC_MSGSEND = YES;
				ENABLE_TESTABILITY = YES;
				GCC_C_LANGUAGE_STANDARD = gnu99;
				GCC_DYNAMIC_NO_PIC = NO;
				GCC_NO_COMMON_BLOCKS = YES;
				GCC_OPTIMIZATION_LEVEL = 0;
				GCC_PREPROCESSOR_DEFINITIONS = (
					"DEBUG=1",
					"$(inherited)",
				);
				GCC_SYMBOLS_PRIVATE_EXTERN = NO;
				GCC_WARN_64_TO_32_BIT_CONVERSION = YES;
				GCC_WARN_ABOUT_DEPRECATED_FUNCTIONS = YES;
				GCC_WARN_ABOUT_MISSING_FIELD_INITIALIZERS = YES;
				GCC_WARN_ABOUT_MISSING_NEWLINE = YES;
				GCC_WARN_ABOUT_RETURN_TYPE = YES;
				GCC_WARN_CHECK_SWITCH_STATEMENTS = YES;
				GCC_WARN_INITIALIZER_NOT_FULLY_BRACKETED = YES;
				GCC_WARN_MISSING_PARENTHESES = YES;
				GCC_WARN_SHADOW = YES;
				GCC_WARN_SIGN_COMPARE = YES;
				GCC_WARN_TYPECHECK_CALLS_TO_PRINTF = YES;
				GCC_WARN_UNDECLARED_SELECTOR = YES;
				GCC_WARN_UNINITIALIZED_AUTOS = YES;
				GCC_WARN_UNUSED_FUNCTION = YES;
				GCC_WARN_UNUSED_LABEL = YES;
				GCC_WARN_UNUSED_VALUE = YES;
				GCC_WARN_UNUSED_VARIABLE = YES;
				IPHONEOS_DEPLOYMENT_TARGET = 9.0;
				ONLY_ACTIVE_ARCH = YES;
				RUN_CLANG_STATIC_ANALYZER = YES;
				SDKROOT = iphoneos;
				SWIFT_OPTIMIZATION_LEVEL = "-Onone";
			};
			name = Debug;
		};
		F33E5F8097AC8AD6480A2E71 /* Debug */ = {
			isa = XCBuildConfiguration;
			baseConfigurationReference = C56AF8F3F8FCAEC42E5CF8AA /* Pods-Inventry.debug.xcconfig */;
			buildSettings = {
				ALWAYS_EMBED_SWIFT_STANDARD_LIBRARIES = YES;
				ASSETCATALOG_COMPILER_APPICON_NAME = AppIcon;
				CLANG_ENABLE_MODULES = YES;
				CODE_SIGN_ENTITLEMENTS = Inventry/Inventry.entitlements;
				CODE_SIGN_IDENTITY = "iPhone Developer";
				"CODE_SIGN_IDENTITY[sdk=iphoneos*]" = "iPhone Developer";
				ENABLE_STRICT_OBJC_MSGSEND = YES;
				FRAMEWORK_SEARCH_PATHS = "$(inherited)";
				INFOPLIST_FILE = "Inventry/Resources/Other-Sources/Info.plist";
				LD_RUNPATH_SEARCH_PATHS = "$(inherited) @executable_path/Frameworks";
				MTL_ENABLE_DEBUG_INFO = YES;
				OTHER_SWIFT_FLAGS = "$(inherited) \"-D\" \"COCOAPODS\" -D DEBUG";
				PRODUCT_BUNDLE_IDENTIFIER = "com.jakecraige.${PRODUCT_NAME:rfc1034identifier}";
				PRODUCT_NAME = "$(TARGET_NAME)";
				PROVISIONING_PROFILE = "";
				SDKROOT = iphoneos;
				SWIFT_OBJC_BRIDGING_HEADER = "Inventry/Inventry-Bridging-Header.h";
				SWIFT_OPTIMIZATION_LEVEL = "-Onone";
				SWIFT_VERSION = 3.0;
			};
			name = Debug;
		};
/* End XCBuildConfiguration section */

/* Begin XCConfigurationList section */
		0CEC5E73802D5DBE9BB80432 /* Build configuration list for PBXNativeTarget "Inventry" */ = {
			isa = XCConfigurationList;
			buildConfigurations = (
				9C375D9F7BBC686E74EDD318 /* Release */,
				F33E5F8097AC8AD6480A2E71 /* Debug */,
			);
			defaultConfigurationIsVisible = 0;
			defaultConfigurationName = Release;
		};
		1505D4B07876CAFA554868DB /* Build configuration list for PBXNativeTarget "UnitTests" */ = {
			isa = XCConfigurationList;
			buildConfigurations = (
				889AC5410D702C4C8F17D888 /* Release */,
				7F96E835F99917E849837F0A /* Debug */,
			);
			defaultConfigurationIsVisible = 0;
			defaultConfigurationName = Release;
		};
		B4191F7C300742873C884955 /* Build configuration list for PBXProject "Inventry" */ = {
			isa = XCConfigurationList;
			buildConfigurations = (
				B86B15C4814A65FCD1FCBBA7 /* Debug */,
				11CF9B485BD9520E66B900E6 /* Release */,
			);
			defaultConfigurationIsVisible = 0;
			defaultConfigurationName = Release;
		};
/* End XCConfigurationList section */
	};
	rootObject = 02FF97DFB90B629914DDDCCE /* Project object */;
}
